<?xml version="1.0" encoding="UTF-8"?>
<!DOCTYPE plist PUBLIC "-//Apple//DTD PLIST 1.0//EN" "http://www.apple.com/DTDs/PropertyList-1.0.dtd">
<plist version="1.0">
<dict>
	<key>archiveVersion</key>
	<string>1</string>
	<key>classes</key>
	<dict/>
	<key>objectVersion</key>
	<string>46</string>
	<key>objects</key>
	<dict>
		<key>0DD69D7F367F145CFE3F4D3A</key>
		<dict>
			<key>explicitFileType</key>
			<string>archive.ar</string>
			<key>includeInIndex</key>
			<string>0</string>
			<key>isa</key>
			<string>PBXFileReference</string>
			<key>path</key>
			<string>libPods.a</string>
			<key>sourceTree</key>
			<string>BUILT_PRODUCTS_DIR</string>
		</dict>
		<key>10C0DE51E8B3A68EDEB64EC7</key>
		<dict>
			<key>includeInIndex</key>
			<string>1</string>
			<key>isa</key>
			<string>PBXFileReference</string>
			<key>lastKnownFileType</key>
			<string>text.xcconfig</string>
			<key>name</key>
			<string>Pods-DigitalSense.release.xcconfig</string>
			<key>path</key>
			<string>Pods/Target Support Files/Pods-DigitalSense/Pods-DigitalSense.release.xcconfig</string>
			<key>sourceTree</key>
			<string>&lt;group&gt;</string>
		</dict>
		<key>11ED964D7C9E8E794D4D0BEF</key>
		<dict>
			<key>buildActionMask</key>
			<string>2147483647</string>
			<key>files</key>
			<array/>
			<key>inputPaths</key>
			<array/>
			<key>isa</key>
			<string>PBXShellScriptBuildPhase</string>
			<key>name</key>
			<string>Embed Pods Frameworks</string>
			<key>outputPaths</key>
			<array/>
			<key>runOnlyForDeploymentPostprocessing</key>
			<string>0</string>
			<key>shellPath</key>
			<string>/bin/sh</string>
			<key>shellScript</key>
			<string>"${SRCROOT}/Pods/Target Support Files/Pods-DigitalSense/Pods-DigitalSense-frameworks.sh"
</string>
			<key>showEnvVarsInLog</key>
			<string>0</string>
		</dict>
		<key>3F8F1DFBC19399A1203E339F</key>
		<dict>
			<key>fileRef</key>
			<string>5F1400122497B0F91C0FDC26</string>
			<key>isa</key>
			<string>PBXBuildFile</string>
		</dict>
		<key>4B919B6398061387E6DF7701</key>
		<dict>
			<key>fileRef</key>
			<string>0DD69D7F367F145CFE3F4D3A</string>
			<key>isa</key>
			<string>PBXBuildFile</string>
		</dict>
		<key>5BA83DBEBBCD4D1650CD5F07</key>
		<dict>
			<key>children</key>
			<array>
				<string>5BC7B1DE18EBD5B7CC403DD4</string>
				<string>A1CA930BEBDE5359E5E28A20</string>
				<string>7FA49954B89E83D9ABCCF028</string>
				<string>10C0DE51E8B3A68EDEB64EC7</string>
			</array>
			<key>isa</key>
			<string>PBXGroup</string>
			<key>name</key>
			<string>Pods</string>
			<key>sourceTree</key>
			<string>&lt;group&gt;</string>
		</dict>
		<key>5BC7B1DE18EBD5B7CC403DD4</key>
		<dict>
			<key>includeInIndex</key>
			<string>1</string>
			<key>isa</key>
			<string>PBXFileReference</string>
			<key>lastKnownFileType</key>
			<string>text.xcconfig</string>
			<key>name</key>
			<string>Pods.debug.xcconfig</string>
			<key>path</key>
			<string>Pods/Target Support Files/Pods/Pods.debug.xcconfig</string>
			<key>sourceTree</key>
			<string>&lt;group&gt;</string>
		</dict>
		<key>5F1400122497B0F91C0FDC26</key>
		<dict>
			<key>explicitFileType</key>
			<string>archive.ar</string>
			<key>includeInIndex</key>
			<string>0</string>
			<key>isa</key>
			<string>PBXFileReference</string>
			<key>path</key>
			<string>libPods-DigitalSense.a</string>
			<key>sourceTree</key>
			<string>BUILT_PRODUCTS_DIR</string>
		</dict>
		<key>7FA49954B89E83D9ABCCF028</key>
		<dict>
			<key>includeInIndex</key>
			<string>1</string>
			<key>isa</key>
			<string>PBXFileReference</string>
			<key>lastKnownFileType</key>
			<string>text.xcconfig</string>
			<key>name</key>
			<string>Pods-DigitalSense.debug.xcconfig</string>
			<key>path</key>
			<string>Pods/Target Support Files/Pods-DigitalSense/Pods-DigitalSense.debug.xcconfig</string>
			<key>sourceTree</key>
			<string>&lt;group&gt;</string>
		</dict>
		<key>845213471D388838009D91E0</key>
		<dict>
			<key>children</key>
			<array>
				<string>845213481D38886A009D91E0</string>
				<string>845213491D38886A009D91E0</string>
				<string>8452134B1D388893009D91E0</string>
				<string>8452134C1D388893009D91E0</string>
			</array>
			<key>isa</key>
			<string>PBXGroup</string>
			<key>path</key>
			<string>FullScreenPlayerCollectionCell</string>
			<key>sourceTree</key>
			<string>&lt;group&gt;</string>
		</dict>
		<key>845213481D38886A009D91E0</key>
		<dict>
			<key>fileEncoding</key>
			<string>4</string>
			<key>isa</key>
			<string>PBXFileReference</string>
			<key>lastKnownFileType</key>
			<string>sourcecode.c.h</string>
			<key>path</key>
			<string>FullScreenPlayerCollectionCell.h</string>
			<key>sourceTree</key>
			<string>&lt;group&gt;</string>
		</dict>
		<key>845213491D38886A009D91E0</key>
		<dict>
			<key>fileEncoding</key>
			<string>4</string>
			<key>isa</key>
			<string>PBXFileReference</string>
			<key>lastKnownFileType</key>
			<string>sourcecode.c.objc</string>
			<key>path</key>
			<string>FullScreenPlayerCollectionCell.m</string>
			<key>sourceTree</key>
			<string>&lt;group&gt;</string>
		</dict>
		<key>8452134A1D38886A009D91E0</key>
		<dict>
			<key>fileRef</key>
			<string>845213491D38886A009D91E0</string>
			<key>isa</key>
			<string>PBXBuildFile</string>
		</dict>
		<key>8452134B1D388893009D91E0</key>
		<dict>
			<key>fileEncoding</key>
			<string>4</string>
			<key>isa</key>
			<string>PBXFileReference</string>
			<key>lastKnownFileType</key>
			<string>sourcecode.c.h</string>
			<key>path</key>
			<string>FullScreenSmellView.h</string>
			<key>sourceTree</key>
			<string>&lt;group&gt;</string>
		</dict>
		<key>8452134C1D388893009D91E0</key>
		<dict>
			<key>fileEncoding</key>
			<string>4</string>
			<key>isa</key>
			<string>PBXFileReference</string>
			<key>lastKnownFileType</key>
			<string>sourcecode.c.objc</string>
			<key>path</key>
			<string>FullScreenSmellView.m</string>
			<key>sourceTree</key>
			<string>&lt;group&gt;</string>
		</dict>
		<key>8452134D1D388893009D91E0</key>
		<dict>
			<key>fileRef</key>
			<string>8452134C1D388893009D91E0</string>
			<key>isa</key>
			<string>PBXBuildFile</string>
		</dict>
		<key>845456F71D0EAB65006E7FF6</key>
		<dict>
			<key>children</key>
			<array>
				<string>845456F81D0EAB65006E7FF6</string>
				<string>845456F91D0EAB65006E7FF6</string>
			</array>
			<key>isa</key>
			<string>PBXGroup</string>
			<key>path</key>
			<string>Category</string>
			<key>sourceTree</key>
			<string>&lt;group&gt;</string>
		</dict>
		<key>845456F81D0EAB65006E7FF6</key>
		<dict>
			<key>fileEncoding</key>
			<string>4</string>
			<key>isa</key>
			<string>PBXFileReference</string>
			<key>lastKnownFileType</key>
			<string>sourcecode.c.h</string>
			<key>path</key>
			<string>UIDevice+IphoneModel.h</string>
			<key>sourceTree</key>
			<string>&lt;group&gt;</string>
		</dict>
		<key>845456F91D0EAB65006E7FF6</key>
		<dict>
			<key>fileEncoding</key>
			<string>4</string>
			<key>isa</key>
			<string>PBXFileReference</string>
			<key>lastKnownFileType</key>
			<string>sourcecode.c.objc</string>
			<key>path</key>
			<string>UIDevice+IphoneModel.m</string>
			<key>sourceTree</key>
			<string>&lt;group&gt;</string>
		</dict>
		<key>845456FA1D0EAB65006E7FF6</key>
		<dict>
			<key>fileRef</key>
			<string>845456F91D0EAB65006E7FF6</string>
			<key>isa</key>
			<string>PBXBuildFile</string>
		</dict>
		<key>84595C8D1CFEC2A6007DB272</key>
		<dict>
			<key>isa</key>
			<string>PBXFileReference</string>
			<key>lastKnownFileType</key>
			<string>sourcecode.c.h</string>
			<key>path</key>
			<string>DigitalSense-Prefix.pch</string>
			<key>sourceTree</key>
			<string>&lt;group&gt;</string>
		</dict>
		<key>845BA4B61D2CF66700669501</key>
		<dict>
			<key>children</key>
			<array>
				<string>8471F2411D3347860029A409</string>
				<string>8471F2421D3347860029A409</string>
				<string>845BA4B71D2CF78D00669501</string>
				<string>845BA4B81D2CF78D00669501</string>
			</array>
			<key>isa</key>
			<string>PBXGroup</string>
			<key>path</key>
			<string>ScriptOperationViewController</string>
			<key>sourceTree</key>
			<string>&lt;group&gt;</string>
		</dict>
		<key>845BA4B71D2CF78D00669501</key>
		<dict>
			<key>fileEncoding</key>
			<string>4</string>
			<key>isa</key>
			<string>PBXFileReference</string>
			<key>lastKnownFileType</key>
			<string>sourcecode.c.h</string>
			<key>path</key>
			<string>ScriptOperationViewController.h</string>
			<key>sourceTree</key>
			<string>&lt;group&gt;</string>
		</dict>
		<key>845BA4B81D2CF78D00669501</key>
		<dict>
			<key>fileEncoding</key>
			<string>4</string>
			<key>isa</key>
			<string>PBXFileReference</string>
			<key>lastKnownFileType</key>
			<string>sourcecode.c.objc</string>
			<key>path</key>
			<string>ScriptOperationViewController.m</string>
			<key>sourceTree</key>
			<string>&lt;group&gt;</string>
		</dict>
		<key>845BA4B91D2CF78D00669501</key>
		<dict>
			<key>fileRef</key>
			<string>845BA4B81D2CF78D00669501</string>
			<key>isa</key>
			<string>PBXBuildFile</string>
		</dict>
		<key>8460DCF81D35F2990040943E</key>
		<dict>
			<key>children</key>
			<array>
				<string>8460DCF91D35F3DB0040943E</string>
				<string>8460DCFA1D35F3DB0040943E</string>
			</array>
			<key>isa</key>
			<string>PBXGroup</string>
			<key>path</key>
			<string>DataPickViewController</string>
			<key>sourceTree</key>
			<string>&lt;group&gt;</string>
		</dict>
		<key>8460DCF91D35F3DB0040943E</key>
		<dict>
			<key>fileEncoding</key>
			<string>4</string>
			<key>isa</key>
			<string>PBXFileReference</string>
			<key>lastKnownFileType</key>
			<string>sourcecode.c.h</string>
			<key>path</key>
			<string>DataPickViewController.h</string>
			<key>sourceTree</key>
			<string>&lt;group&gt;</string>
		</dict>
		<key>8460DCFA1D35F3DB0040943E</key>
		<dict>
			<key>fileEncoding</key>
			<string>4</string>
			<key>isa</key>
			<string>PBXFileReference</string>
			<key>lastKnownFileType</key>
			<string>sourcecode.c.objc</string>
			<key>path</key>
			<string>DataPickViewController.m</string>
			<key>sourceTree</key>
			<string>&lt;group&gt;</string>
		</dict>
		<key>8460DCFB1D35F3DB0040943E</key>
		<dict>
			<key>fileRef</key>
			<string>8460DCFA1D35F3DB0040943E</string>
			<key>isa</key>
			<string>PBXBuildFile</string>
		</dict>
		<key>8463B9D61D1395C300EACECD</key>
		<dict>
			<key>children</key>
			<array>
				<string>8463B9D71D13961500EACECD</string>
				<string>8463B9D81D13961500EACECD</string>
			</array>
			<key>isa</key>
			<string>PBXGroup</string>
			<key>path</key>
			<string>ScriptPlayDetailsViewController</string>
			<key>sourceTree</key>
			<string>&lt;group&gt;</string>
		</dict>
		<key>8463B9D71D13961500EACECD</key>
		<dict>
			<key>fileEncoding</key>
			<string>4</string>
			<key>isa</key>
			<string>PBXFileReference</string>
			<key>lastKnownFileType</key>
			<string>sourcecode.c.h</string>
			<key>path</key>
			<string>ScriptPlayDetailsViewController.h</string>
			<key>sourceTree</key>
			<string>&lt;group&gt;</string>
		</dict>
		<key>8463B9D81D13961500EACECD</key>
		<dict>
			<key>fileEncoding</key>
			<string>4</string>
			<key>isa</key>
			<string>PBXFileReference</string>
			<key>lastKnownFileType</key>
			<string>sourcecode.c.objc</string>
			<key>path</key>
			<string>ScriptPlayDetailsViewController.m</string>
			<key>sourceTree</key>
			<string>&lt;group&gt;</string>
		</dict>
		<key>8463B9D91D13961500EACECD</key>
		<dict>
			<key>fileRef</key>
			<string>8463B9D81D13961500EACECD</string>
			<key>isa</key>
			<string>PBXBuildFile</string>
		</dict>
		<key>8463B9DA1D13FC2300EACECD</key>
		<dict>
			<key>fileEncoding</key>
			<string>4</string>
			<key>isa</key>
			<string>PBXFileReference</string>
			<key>lastKnownFileType</key>
			<string>sourcecode.c.h</string>
			<key>path</key>
			<string>AbsoluteTimeScript.h</string>
			<key>sourceTree</key>
			<string>&lt;group&gt;</string>
		</dict>
		<key>8463B9DB1D13FC2300EACECD</key>
		<dict>
			<key>fileEncoding</key>
			<string>4</string>
			<key>isa</key>
			<string>PBXFileReference</string>
			<key>lastKnownFileType</key>
			<string>sourcecode.c.objc</string>
			<key>path</key>
			<string>AbsoluteTimeScript.m</string>
			<key>sourceTree</key>
			<string>&lt;group&gt;</string>
		</dict>
		<key>8463B9DC1D13FC2300EACECD</key>
		<dict>
			<key>fileRef</key>
			<string>8463B9DB1D13FC2300EACECD</string>
			<key>isa</key>
			<string>PBXBuildFile</string>
		</dict>
		<key>8463B9DD1D13FE4F00EACECD</key>
		<dict>
			<key>fileEncoding</key>
			<string>4</string>
			<key>isa</key>
			<string>PBXFileReference</string>
			<key>lastKnownFileType</key>
			<string>sourcecode.c.h</string>
			<key>path</key>
			<string>RelativeTimeScript.h</string>
			<key>sourceTree</key>
			<string>&lt;group&gt;</string>
		</dict>
		<key>8463B9DE1D13FE4F00EACECD</key>
		<dict>
			<key>fileEncoding</key>
			<string>4</string>
			<key>isa</key>
			<string>PBXFileReference</string>
			<key>lastKnownFileType</key>
			<string>sourcecode.c.objc</string>
			<key>path</key>
			<string>RelativeTimeScript.m</string>
			<key>sourceTree</key>
			<string>&lt;group&gt;</string>
		</dict>
		<key>8463B9DF1D13FE4F00EACECD</key>
		<dict>
			<key>fileRef</key>
			<string>8463B9DE1D13FE4F00EACECD</string>
			<key>isa</key>
			<string>PBXBuildFile</string>
		</dict>
		<key>8463B9E01D13FF7D00EACECD</key>
		<dict>
			<key>fileEncoding</key>
			<string>4</string>
			<key>isa</key>
			<string>PBXFileReference</string>
			<key>lastKnownFileType</key>
			<string>sourcecode.c.h</string>
			<key>path</key>
			<string>SCScriptManager.h</string>
			<key>sourceTree</key>
			<string>&lt;group&gt;</string>
		</dict>
		<key>8463B9E11D13FF7D00EACECD</key>
		<dict>
			<key>fileEncoding</key>
			<string>4</string>
			<key>isa</key>
			<string>PBXFileReference</string>
			<key>lastKnownFileType</key>
			<string>sourcecode.c.objc</string>
			<key>path</key>
			<string>SCScriptManager.m</string>
			<key>sourceTree</key>
			<string>&lt;group&gt;</string>
		</dict>
		<key>8463B9E21D13FF7D00EACECD</key>
		<dict>
			<key>fileRef</key>
			<string>8463B9E11D13FF7D00EACECD</string>
			<key>isa</key>
			<string>PBXBuildFile</string>
		</dict>
		<key>8463B9E31D140A6F00EACECD</key>
		<dict>
			<key>fileEncoding</key>
			<string>4</string>
			<key>isa</key>
			<string>PBXFileReference</string>
			<key>lastKnownFileType</key>
			<string>sourcecode.c.h</string>
			<key>path</key>
			<string>ScriptViewModel.h</string>
			<key>sourceTree</key>
			<string>&lt;group&gt;</string>
		</dict>
		<key>8463B9E41D140A6F00EACECD</key>
		<dict>
			<key>fileEncoding</key>
			<string>4</string>
			<key>isa</key>
			<string>PBXFileReference</string>
			<key>lastKnownFileType</key>
			<string>sourcecode.c.objc</string>
			<key>path</key>
			<string>ScriptViewModel.m</string>
			<key>sourceTree</key>
			<string>&lt;group&gt;</string>
		</dict>
		<key>8463B9E51D140A6F00EACECD</key>
		<dict>
			<key>fileRef</key>
			<string>8463B9E41D140A6F00EACECD</string>
			<key>isa</key>
			<string>PBXBuildFile</string>
		</dict>
		<key>846582251D06CDC0009C5A9E</key>
		<dict>
			<key>fileEncoding</key>
			<string>4</string>
			<key>isa</key>
			<string>PBXFileReference</string>
			<key>lastKnownFileType</key>
			<string>sourcecode.c.h</string>
			<key>path</key>
			<string>SmellSkin.h</string>
			<key>sourceTree</key>
			<string>&lt;group&gt;</string>
		</dict>
		<key>846582261D06CDC0009C5A9E</key>
		<dict>
			<key>fileEncoding</key>
			<string>4</string>
			<key>isa</key>
			<string>PBXFileReference</string>
			<key>lastKnownFileType</key>
			<string>sourcecode.c.objc</string>
			<key>path</key>
			<string>SmellSkin.m</string>
			<key>sourceTree</key>
			<string>&lt;group&gt;</string>
		</dict>
		<key>846582271D06CDC0009C5A9E</key>
		<dict>
			<key>fileRef</key>
			<string>846582261D06CDC0009C5A9E</string>
			<key>isa</key>
			<string>PBXBuildFile</string>
		</dict>
		<key>8466676E1CF82AD400EFBE66</key>
		<dict>
			<key>children</key>
			<array>
				<string>846667791CF82AD400EFBE66</string>
				<string>847EC4DF1CFD667E000D77AE</string>
				<string>846667781CF82AD400EFBE66</string>
				<string>5BA83DBEBBCD4D1650CD5F07</string>
				<string>F90CB3385D07F23CA9F15056</string>
			</array>
			<key>isa</key>
			<string>PBXGroup</string>
			<key>sourceTree</key>
			<string>&lt;group&gt;</string>
		</dict>
		<key>8466676F1CF82AD400EFBE66</key>
		<dict>
			<key>attributes</key>
			<dict>
				<key>LastUpgradeCheck</key>
				<string>0730</string>
				<key>ORGANIZATIONNAME</key>
				<string>RenRenFenQi</string>
				<key>TargetAttributes</key>
				<dict>
					<key>846667761CF82AD400EFBE66</key>
					<dict>
						<key>CreatedOnToolsVersion</key>
						<string>7.3.1</string>
					</dict>
				</dict>
			</dict>
			<key>buildConfigurationList</key>
			<string>846667721CF82AD400EFBE66</string>
			<key>compatibilityVersion</key>
			<string>Xcode 3.2</string>
			<key>developmentRegion</key>
			<string>English</string>
			<key>hasScannedForEncodings</key>
			<string>0</string>
			<key>isa</key>
			<string>PBXProject</string>
			<key>knownRegions</key>
			<array>
				<string>en</string>
				<string>Base</string>
			</array>
			<key>mainGroup</key>
			<string>8466676E1CF82AD400EFBE66</string>
			<key>productRefGroup</key>
			<string>846667781CF82AD400EFBE66</string>
			<key>projectDirPath</key>
			<string></string>
			<key>projectReferences</key>
			<array/>
			<key>projectRoot</key>
			<string></string>
			<key>targets</key>
			<array>
				<string>846667761CF82AD400EFBE66</string>
			</array>
		</dict>
		<key>846667721CF82AD400EFBE66</key>
		<dict>
			<key>buildConfigurations</key>
			<array>
				<string>8466678C1CF82AD500EFBE66</string>
				<string>8466678D1CF82AD500EFBE66</string>
			</array>
			<key>defaultConfigurationIsVisible</key>
			<string>0</string>
			<key>defaultConfigurationName</key>
			<string>Release</string>
			<key>isa</key>
			<string>XCConfigurationList</string>
		</dict>
		<key>846667731CF82AD400EFBE66</key>
		<dict>
			<key>buildActionMask</key>
			<string>2147483647</string>
			<key>files</key>
			<array>
				<string>84796FF61D3CB53E00465074</string>
				<string>847EC4D91CFD65E5000D77AE</string>
				<string>8463B9D91D13961500EACECD</string>
				<string>8463B9DF1D13FE4F00EACECD</string>
				<string>847EC4D81CFD65E5000D77AE</string>
				<string>8460DCFB1D35F3DB0040943E</string>
				<string>8482CF621D12594D0020CEEA</string>
				<string>846A619C1D378D6B00250838</string>
				<string>847EC4D71CFD65E5000D77AE</string>
				<string>8463B9E21D13FF7D00EACECD</string>
				<string>8471AB0F1CFC321F00CB5DB6</string>
				<string>84F7719D1D1D239C00591B24</string>
				<string>8471F24E1D334DD10029A409</string>
				<string>8452134A1D38886A009D91E0</string>
				<string>846A76F31D016DD00055E54E</string>
				<string>846A61941D375C3100250838</string>
				<string>846A61971D375C3100250838</string>
				<string>8482CF711D12A40B0020CEEA</string>
				<string>8482CF6A1D1278DF0020CEEA</string>
				<string>847EC4D41CFD65E5000D77AE</string>
				<string>84796FF31D3C7F6100465074</string>
				<string>8471F2541D33519E0029A409</string>
				<string>8479700D1D3CE40100465074</string>
				<string>8471F24B1D334DBC0029A409</string>
				<string>847C58661D34E7D2002159AC</string>
				<string>846A76F51D016DD00055E54E</string>
				<string>8466677F1CF82AD400EFBE66</string>
				<string>846A61851D37240000250838</string>
				<string>8463B9E51D140A6F00EACECD</string>
				<string>8482CF611D12594D0020CEEA</string>
				<string>845456FA1D0EAB65006E7FF6</string>
				<string>846A76F41D016DD00055E54E</string>
				<string>847EC4DE1CFD6654000D77AE</string>
				<string>8471F2511D3351000029A409</string>
				<string>847970111D3CF49E00465074</string>
				<string>846A76F61D016DD00055E54E</string>
				<string>846735CC1D003A800073ED9D</string>
				<string>846A61951D375C3100250838</string>
				<string>846A61981D375C3100250838</string>
				<string>847EEFAF1D17D597009765E6</string>
				<string>8466677C1CF82AD400EFBE66</string>
				<string>8482CF591D1258960020CEEA</string>
				<string>847EC4D51CFD65E5000D77AE</string>
				<string>847EEFAA1D17CAC3009765E6</string>
				<string>846A61961D375C3100250838</string>
				<string>8482CF651D125A570020CEEA</string>
				<string>8463B9DC1D13FC2300EACECD</string>
				<string>8452134D1D388893009D91E0</string>
				<string>846582271D06CDC0009C5A9E</string>
				<string>846735C51D0033D00073ED9D</string>
				<string>845BA4B91D2CF78D00669501</string>
				<string>8482CF6E1D127A9F0020CEEA</string>
			</array>
			<key>isa</key>
			<string>PBXSourcesBuildPhase</string>
			<key>runOnlyForDeploymentPostprocessing</key>
			<string>0</string>
		</dict>
		<key>846667741CF82AD400EFBE66</key>
		<dict>
			<key>buildActionMask</key>
			<string>2147483647</string>
			<key>files</key>
			<array>
				<string>847EC4F51CFD6779000D77AE</string>
				<string>847EC4F31CFD676C000D77AE</string>
				<string>847EC4F11CFD6757000D77AE</string>
				<string>847EC4EF1CFD674F000D77AE</string>
				<string>847EC4ED1CFD6748000D77AE</string>
				<string>847EC4EB1CFD6740000D77AE</string>
				<string>847EC4E91CFD6735000D77AE</string>
				<string>847EC4E71CFD672C000D77AE</string>
				<string>847EC4E51CFD6722000D77AE</string>
				<string>847EC4E31CFD6716000D77AE</string>
				<string>847EC4E11CFD66DE000D77AE</string>
				<string>4B919B6398061387E6DF7701</string>
				<string>3F8F1DFBC19399A1203E339F</string>
			</array>
			<key>isa</key>
			<string>PBXFrameworksBuildPhase</string>
			<key>runOnlyForDeploymentPostprocessing</key>
			<string>0</string>
		</dict>
		<key>846667751CF82AD400EFBE66</key>
		<dict>
			<key>buildActionMask</key>
			<string>2147483647</string>
			<key>files</key>
			<array>
				<string>847EC4D61CFD65E5000D77AE</string>
				<string>8466678A1CF82AD500EFBE66</string>
				<string>846667871CF82AD500EFBE66</string>
				<string>8482CF6B1D1278DF0020CEEA</string>
				<string>846667851CF82AD400EFBE66</string>
				<string>847C58671D34E7D2002159AC</string>
			</array>
			<key>isa</key>
			<string>PBXResourcesBuildPhase</string>
			<key>runOnlyForDeploymentPostprocessing</key>
			<string>0</string>
		</dict>
		<key>846667761CF82AD400EFBE66</key>
		<dict>
			<key>buildConfigurationList</key>
			<string>8466678E1CF82AD500EFBE66</string>
			<key>buildPhases</key>
			<array>
				<string>9F9610DDD7F08B2230B3CA71</string>
				<string>846667731CF82AD400EFBE66</string>
				<string>846667741CF82AD400EFBE66</string>
				<string>846667751CF82AD400EFBE66</string>
				<string>11ED964D7C9E8E794D4D0BEF</string>
				<string>A6AC3B28FB96B34F104F7300</string>
			</array>
			<key>buildRules</key>
			<array/>
			<key>dependencies</key>
			<array/>
			<key>isa</key>
			<string>PBXNativeTarget</string>
			<key>name</key>
			<string>DigitalSense</string>
			<key>productName</key>
			<string>DigitalSense</string>
			<key>productReference</key>
			<string>846667771CF82AD400EFBE66</string>
			<key>productType</key>
			<string>com.apple.product-type.application</string>
		</dict>
		<key>846667771CF82AD400EFBE66</key>
		<dict>
			<key>explicitFileType</key>
			<string>wrapper.application</string>
			<key>includeInIndex</key>
			<string>0</string>
			<key>isa</key>
			<string>PBXFileReference</string>
			<key>path</key>
			<string>DigitalSense.app</string>
			<key>sourceTree</key>
			<string>BUILT_PRODUCTS_DIR</string>
		</dict>
		<key>846667781CF82AD400EFBE66</key>
		<dict>
			<key>children</key>
			<array>
				<string>846667771CF82AD400EFBE66</string>
			</array>
			<key>isa</key>
			<string>PBXGroup</string>
			<key>name</key>
			<string>Products</string>
			<key>sourceTree</key>
			<string>&lt;group&gt;</string>
		</dict>
		<key>846667791CF82AD400EFBE66</key>
		<dict>
			<key>children</key>
			<array>
				<string>847EEFAB1D17D597009765E6</string>
				<string>845456F71D0EAB65006E7FF6</string>
				<string>846A76E81D016DD00055E54E</string>
				<string>847EC4DA1CFD6654000D77AE</string>
				<string>847EC4C11CFD65E5000D77AE</string>
				<string>8471AB0C1CFC320D00CB5DB6</string>
				<string>8482CF5A1D12594D0020CEEA</string>
				<string>846667831CF82AD400EFBE66</string>
				<string>8466677D1CF82AD400EFBE66</string>
				<string>8466677E1CF82AD400EFBE66</string>
				<string>8466677A1CF82AD400EFBE66</string>
			</array>
			<key>isa</key>
			<string>PBXGroup</string>
			<key>path</key>
			<string>DigitalSense</string>
			<key>sourceTree</key>
			<string>&lt;group&gt;</string>
		</dict>
		<key>8466677A1CF82AD400EFBE66</key>
		<dict>
			<key>children</key>
			<array>
				<string>846667861CF82AD500EFBE66</string>
				<string>846667881CF82AD500EFBE66</string>
				<string>8466678B1CF82AD500EFBE66</string>
				<string>8466677B1CF82AD400EFBE66</string>
				<string>84595C8D1CFEC2A6007DB272</string>
			</array>
			<key>isa</key>
			<string>PBXGroup</string>
			<key>name</key>
			<string>Supporting Files</string>
			<key>sourceTree</key>
			<string>&lt;group&gt;</string>
		</dict>
		<key>8466677B1CF82AD400EFBE66</key>
		<dict>
			<key>isa</key>
			<string>PBXFileReference</string>
			<key>lastKnownFileType</key>
			<string>sourcecode.c.objc</string>
			<key>path</key>
			<string>main.m</string>
			<key>sourceTree</key>
			<string>&lt;group&gt;</string>
		</dict>
		<key>8466677C1CF82AD400EFBE66</key>
		<dict>
			<key>fileRef</key>
			<string>8466677B1CF82AD400EFBE66</string>
			<key>isa</key>
			<string>PBXBuildFile</string>
		</dict>
		<key>8466677D1CF82AD400EFBE66</key>
		<dict>
			<key>isa</key>
			<string>PBXFileReference</string>
			<key>lastKnownFileType</key>
			<string>sourcecode.c.h</string>
			<key>path</key>
			<string>AppDelegate.h</string>
			<key>sourceTree</key>
			<string>&lt;group&gt;</string>
		</dict>
		<key>8466677E1CF82AD400EFBE66</key>
		<dict>
			<key>isa</key>
			<string>PBXFileReference</string>
			<key>lastKnownFileType</key>
			<string>sourcecode.c.objc</string>
			<key>path</key>
			<string>AppDelegate.m</string>
			<key>sourceTree</key>
			<string>&lt;group&gt;</string>
		</dict>
		<key>8466677F1CF82AD400EFBE66</key>
		<dict>
			<key>fileRef</key>
			<string>8466677E1CF82AD400EFBE66</string>
			<key>isa</key>
			<string>PBXBuildFile</string>
		</dict>
		<key>846667831CF82AD400EFBE66</key>
		<dict>
			<key>children</key>
			<array>
				<string>846667841CF82AD400EFBE66</string>
			</array>
			<key>isa</key>
			<string>PBXVariantGroup</string>
			<key>name</key>
			<string>Main.storyboard</string>
			<key>sourceTree</key>
			<string>&lt;group&gt;</string>
		</dict>
		<key>846667841CF82AD400EFBE66</key>
		<dict>
			<key>isa</key>
			<string>PBXFileReference</string>
			<key>lastKnownFileType</key>
			<string>file.storyboard</string>
			<key>name</key>
			<string>Base</string>
			<key>path</key>
			<string>Base.lproj/Main.storyboard</string>
			<key>sourceTree</key>
			<string>&lt;group&gt;</string>
		</dict>
		<key>846667851CF82AD400EFBE66</key>
		<dict>
			<key>fileRef</key>
			<string>846667831CF82AD400EFBE66</string>
			<key>isa</key>
			<string>PBXBuildFile</string>
		</dict>
		<key>846667861CF82AD500EFBE66</key>
		<dict>
			<key>isa</key>
			<string>PBXFileReference</string>
			<key>lastKnownFileType</key>
			<string>folder.assetcatalog</string>
			<key>path</key>
			<string>Assets.xcassets</string>
			<key>sourceTree</key>
			<string>&lt;group&gt;</string>
		</dict>
		<key>846667871CF82AD500EFBE66</key>
		<dict>
			<key>fileRef</key>
			<string>846667861CF82AD500EFBE66</string>
			<key>isa</key>
			<string>PBXBuildFile</string>
		</dict>
		<key>846667881CF82AD500EFBE66</key>
		<dict>
			<key>children</key>
			<array>
				<string>846667891CF82AD500EFBE66</string>
			</array>
			<key>isa</key>
			<string>PBXVariantGroup</string>
			<key>name</key>
			<string>LaunchScreen.storyboard</string>
			<key>sourceTree</key>
			<string>&lt;group&gt;</string>
		</dict>
		<key>846667891CF82AD500EFBE66</key>
		<dict>
			<key>isa</key>
			<string>PBXFileReference</string>
			<key>lastKnownFileType</key>
			<string>file.storyboard</string>
			<key>name</key>
			<string>Base</string>
			<key>path</key>
			<string>Base.lproj/LaunchScreen.storyboard</string>
			<key>sourceTree</key>
			<string>&lt;group&gt;</string>
		</dict>
		<key>8466678A1CF82AD500EFBE66</key>
		<dict>
			<key>fileRef</key>
			<string>846667881CF82AD500EFBE66</string>
			<key>isa</key>
			<string>PBXBuildFile</string>
		</dict>
		<key>8466678B1CF82AD500EFBE66</key>
		<dict>
			<key>isa</key>
			<string>PBXFileReference</string>
			<key>lastKnownFileType</key>
			<string>text.plist.xml</string>
			<key>path</key>
			<string>Info.plist</string>
			<key>sourceTree</key>
			<string>&lt;group&gt;</string>
		</dict>
		<key>8466678C1CF82AD500EFBE66</key>
		<dict>
			<key>buildSettings</key>
			<dict>
				<key>ALWAYS_SEARCH_USER_PATHS</key>
				<string>NO</string>
				<key>CLANG_ANALYZER_NONNULL</key>
				<string>YES</string>
				<key>CLANG_CXX_LANGUAGE_STANDARD</key>
				<string>gnu++0x</string>
				<key>CLANG_CXX_LIBRARY</key>
				<string>libc++</string>
				<key>CLANG_ENABLE_MODULES</key>
				<string>YES</string>
				<key>CLANG_ENABLE_OBJC_ARC</key>
				<string>YES</string>
				<key>CLANG_WARN_BOOL_CONVERSION</key>
				<string>YES</string>
				<key>CLANG_WARN_CONSTANT_CONVERSION</key>
				<string>YES</string>
				<key>CLANG_WARN_DIRECT_OBJC_ISA_USAGE</key>
				<string>YES_ERROR</string>
				<key>CLANG_WARN_EMPTY_BODY</key>
				<string>YES</string>
				<key>CLANG_WARN_ENUM_CONVERSION</key>
				<string>YES</string>
				<key>CLANG_WARN_INT_CONVERSION</key>
				<string>YES</string>
				<key>CLANG_WARN_OBJC_ROOT_CLASS</key>
				<string>YES_ERROR</string>
				<key>CLANG_WARN_UNREACHABLE_CODE</key>
				<string>YES</string>
				<key>CLANG_WARN__DUPLICATE_METHOD_MATCH</key>
				<string>YES</string>
				<key>CODE_SIGN_IDENTITY[sdk=iphoneos*]</key>
				<string>iPhone Developer</string>
				<key>COPY_PHASE_STRIP</key>
				<string>NO</string>
				<key>DEBUG_INFORMATION_FORMAT</key>
				<string>dwarf</string>
				<key>ENABLE_STRICT_OBJC_MSGSEND</key>
				<string>YES</string>
				<key>ENABLE_TESTABILITY</key>
				<string>YES</string>
				<key>GCC_C_LANGUAGE_STANDARD</key>
				<string>gnu99</string>
				<key>GCC_DYNAMIC_NO_PIC</key>
				<string>NO</string>
				<key>GCC_NO_COMMON_BLOCKS</key>
				<string>YES</string>
				<key>GCC_OPTIMIZATION_LEVEL</key>
				<string>0</string>
				<key>GCC_PREPROCESSOR_DEFINITIONS</key>
				<array>
					<string>DEBUG=1</string>
					<string>$(inherited)</string>
				</array>
				<key>GCC_WARN_64_TO_32_BIT_CONVERSION</key>
				<string>YES</string>
				<key>GCC_WARN_ABOUT_RETURN_TYPE</key>
				<string>YES_ERROR</string>
				<key>GCC_WARN_UNDECLARED_SELECTOR</key>
				<string>YES</string>
				<key>GCC_WARN_UNINITIALIZED_AUTOS</key>
				<string>YES_AGGRESSIVE</string>
				<key>GCC_WARN_UNUSED_FUNCTION</key>
				<string>YES</string>
				<key>GCC_WARN_UNUSED_VARIABLE</key>
				<string>YES</string>
				<key>IPHONEOS_DEPLOYMENT_TARGET</key>
				<string>9.3</string>
				<key>MTL_ENABLE_DEBUG_INFO</key>
				<string>YES</string>
				<key>ONLY_ACTIVE_ARCH</key>
				<string>YES</string>
				<key>SDKROOT</key>
				<string>iphoneos</string>
			</dict>
			<key>isa</key>
			<string>XCBuildConfiguration</string>
			<key>name</key>
			<string>Debug</string>
		</dict>
		<key>8466678D1CF82AD500EFBE66</key>
		<dict>
			<key>buildSettings</key>
			<dict>
				<key>ALWAYS_SEARCH_USER_PATHS</key>
				<string>NO</string>
				<key>CLANG_ANALYZER_NONNULL</key>
				<string>YES</string>
				<key>CLANG_CXX_LANGUAGE_STANDARD</key>
				<string>gnu++0x</string>
				<key>CLANG_CXX_LIBRARY</key>
				<string>libc++</string>
				<key>CLANG_ENABLE_MODULES</key>
				<string>YES</string>
				<key>CLANG_ENABLE_OBJC_ARC</key>
				<string>YES</string>
				<key>CLANG_WARN_BOOL_CONVERSION</key>
				<string>YES</string>
				<key>CLANG_WARN_CONSTANT_CONVERSION</key>
				<string>YES</string>
				<key>CLANG_WARN_DIRECT_OBJC_ISA_USAGE</key>
				<string>YES_ERROR</string>
				<key>CLANG_WARN_EMPTY_BODY</key>
				<string>YES</string>
				<key>CLANG_WARN_ENUM_CONVERSION</key>
				<string>YES</string>
				<key>CLANG_WARN_INT_CONVERSION</key>
				<string>YES</string>
				<key>CLANG_WARN_OBJC_ROOT_CLASS</key>
				<string>YES_ERROR</string>
				<key>CLANG_WARN_UNREACHABLE_CODE</key>
				<string>YES</string>
				<key>CLANG_WARN__DUPLICATE_METHOD_MATCH</key>
				<string>YES</string>
				<key>CODE_SIGN_IDENTITY[sdk=iphoneos*]</key>
				<string>iPhone Developer</string>
				<key>COPY_PHASE_STRIP</key>
				<string>NO</string>
				<key>DEBUG_INFORMATION_FORMAT</key>
				<string>dwarf-with-dsym</string>
				<key>ENABLE_NS_ASSERTIONS</key>
				<string>NO</string>
				<key>ENABLE_STRICT_OBJC_MSGSEND</key>
				<string>YES</string>
				<key>GCC_C_LANGUAGE_STANDARD</key>
				<string>gnu99</string>
				<key>GCC_NO_COMMON_BLOCKS</key>
				<string>YES</string>
				<key>GCC_WARN_64_TO_32_BIT_CONVERSION</key>
				<string>YES</string>
				<key>GCC_WARN_ABOUT_RETURN_TYPE</key>
				<string>YES_ERROR</string>
				<key>GCC_WARN_UNDECLARED_SELECTOR</key>
				<string>YES</string>
				<key>GCC_WARN_UNINITIALIZED_AUTOS</key>
				<string>YES_AGGRESSIVE</string>
				<key>GCC_WARN_UNUSED_FUNCTION</key>
				<string>YES</string>
				<key>GCC_WARN_UNUSED_VARIABLE</key>
				<string>YES</string>
				<key>IPHONEOS_DEPLOYMENT_TARGET</key>
				<string>9.3</string>
				<key>MTL_ENABLE_DEBUG_INFO</key>
				<string>NO</string>
				<key>SDKROOT</key>
				<string>iphoneos</string>
				<key>VALIDATE_PRODUCT</key>
				<string>YES</string>
			</dict>
			<key>isa</key>
			<string>XCBuildConfiguration</string>
			<key>name</key>
			<string>Release</string>
		</dict>
		<key>8466678E1CF82AD500EFBE66</key>
		<dict>
			<key>buildConfigurations</key>
			<array>
				<string>8466678F1CF82AD500EFBE66</string>
				<string>846667901CF82AD500EFBE66</string>
			</array>
			<key>defaultConfigurationIsVisible</key>
			<string>0</string>
			<key>defaultConfigurationName</key>
			<string>Release</string>
			<key>isa</key>
			<string>XCConfigurationList</string>
		</dict>
		<key>8466678F1CF82AD500EFBE66</key>
		<dict>
			<key>baseConfigurationReference</key>
			<string>7FA49954B89E83D9ABCCF028</string>
			<key>buildSettings</key>
			<dict>
				<key>ASSETCATALOG_COMPILER_APPICON_NAME</key>
				<string>AppIcon</string>
				<key>ENABLE_BITCODE</key>
				<string>NO</string>
				<key>ENABLE_STRICT_OBJC_MSGSEND</key>
				<string>NO</string>
				<key>FRAMEWORK_SEARCH_PATHS</key>
				<array>
					<string>$(inherited)</string>
					<string>$(PROJECT_DIR)</string>
				</array>
				<key>GCC_PREFIX_HEADER</key>
				<string>DigitalSense/DigitalSense-Prefix.pch</string>
				<key>INFOPLIST_FILE</key>
				<string>DigitalSense/Info.plist</string>
				<key>IPHONEOS_DEPLOYMENT_TARGET</key>
				<string>7.0</string>
				<key>LD_RUNPATH_SEARCH_PATHS</key>
				<string>$(inherited) @executable_path/Frameworks</string>
				<key>PRODUCT_BUNDLE_IDENTIFIER</key>
				<string>com.renrenCompany.DigitalSense</string>
				<key>PRODUCT_NAME</key>
				<string>$(TARGET_NAME)</string>
			</dict>
			<key>isa</key>
			<string>XCBuildConfiguration</string>
			<key>name</key>
			<string>Debug</string>
		</dict>
		<key>846667901CF82AD500EFBE66</key>
		<dict>
			<key>baseConfigurationReference</key>
			<string>10C0DE51E8B3A68EDEB64EC7</string>
			<key>buildSettings</key>
			<dict>
				<key>ASSETCATALOG_COMPILER_APPICON_NAME</key>
				<string>AppIcon</string>
				<key>ENABLE_BITCODE</key>
				<string>NO</string>
				<key>ENABLE_STRICT_OBJC_MSGSEND</key>
				<string>NO</string>
				<key>FRAMEWORK_SEARCH_PATHS</key>
				<array>
					<string>$(inherited)</string>
					<string>$(PROJECT_DIR)</string>
				</array>
				<key>GCC_PREFIX_HEADER</key>
				<string>DigitalSense/DigitalSense-Prefix.pch</string>
				<key>INFOPLIST_FILE</key>
				<string>DigitalSense/Info.plist</string>
				<key>IPHONEOS_DEPLOYMENT_TARGET</key>
				<string>7.0</string>
				<key>LD_RUNPATH_SEARCH_PATHS</key>
				<string>$(inherited) @executable_path/Frameworks</string>
				<key>PRODUCT_BUNDLE_IDENTIFIER</key>
				<string>com.renrenCompany.DigitalSense</string>
				<key>PRODUCT_NAME</key>
				<string>$(TARGET_NAME)</string>
			</dict>
			<key>isa</key>
			<string>XCBuildConfiguration</string>
			<key>name</key>
			<string>Release</string>
		</dict>
		<key>846735C21D0033D00073ED9D</key>
		<dict>
			<key>children</key>
			<array>
				<string>846735C61D00347E0073ED9D</string>
				<string>846735C31D0033D00073ED9D</string>
				<string>846735C41D0033D00073ED9D</string>
			</array>
			<key>isa</key>
			<string>PBXGroup</string>
			<key>path</key>
			<string>FMDB</string>
			<key>sourceTree</key>
			<string>&lt;group&gt;</string>
		</dict>
		<key>846735C31D0033D00073ED9D</key>
		<dict>
			<key>fileEncoding</key>
			<string>4</string>
			<key>isa</key>
			<string>PBXFileReference</string>
			<key>lastKnownFileType</key>
			<string>sourcecode.c.h</string>
			<key>path</key>
			<string>SDBManager.h</string>
			<key>sourceTree</key>
			<string>&lt;group&gt;</string>
		</dict>
		<key>846735C41D0033D00073ED9D</key>
		<dict>
			<key>fileEncoding</key>
			<string>4</string>
			<key>isa</key>
			<string>PBXFileReference</string>
			<key>lastKnownFileType</key>
			<string>sourcecode.c.objc</string>
			<key>path</key>
			<string>SDBManager.m</string>
			<key>sourceTree</key>
			<string>&lt;group&gt;</string>
		</dict>
		<key>846735C51D0033D00073ED9D</key>
		<dict>
			<key>fileRef</key>
			<string>846735C41D0033D00073ED9D</string>
			<key>isa</key>
			<string>PBXBuildFile</string>
		</dict>
		<key>846735C61D00347E0073ED9D</key>
		<dict>
			<key>children</key>
			<array>
				<string>846735CA1D003A800073ED9D</string>
				<string>846735CB1D003A800073ED9D</string>
			</array>
			<key>isa</key>
			<string>PBXGroup</string>
			<key>path</key>
			<string>FruitInfoManager</string>
			<key>sourceTree</key>
			<string>&lt;group&gt;</string>
		</dict>
		<key>846735CA1D003A800073ED9D</key>
		<dict>
			<key>fileEncoding</key>
			<string>4</string>
			<key>isa</key>
			<string>PBXFileReference</string>
			<key>lastKnownFileType</key>
			<string>sourcecode.c.h</string>
			<key>path</key>
			<string>SFruitInfoDB.h</string>
			<key>sourceTree</key>
			<string>&lt;group&gt;</string>
		</dict>
		<key>846735CB1D003A800073ED9D</key>
		<dict>
			<key>fileEncoding</key>
			<string>4</string>
			<key>isa</key>
			<string>PBXFileReference</string>
			<key>lastKnownFileType</key>
			<string>sourcecode.c.objc</string>
			<key>path</key>
			<string>SFruitInfoDB.m</string>
			<key>sourceTree</key>
			<string>&lt;group&gt;</string>
		</dict>
		<key>846735CC1D003A800073ED9D</key>
		<dict>
			<key>fileRef</key>
			<string>846735CB1D003A800073ED9D</string>
			<key>isa</key>
			<string>PBXBuildFile</string>
		</dict>
		<key>846A61821D3723CC00250838</key>
		<dict>
			<key>children</key>
			<array>
				<string>845213471D388838009D91E0</string>
				<string>846A61831D37240000250838</string>
				<string>846A61841D37240000250838</string>
			</array>
			<key>isa</key>
			<string>PBXGroup</string>
			<key>path</key>
			<string>FullScreenPlayerViewController</string>
			<key>sourceTree</key>
			<string>&lt;group&gt;</string>
		</dict>
		<key>846A61831D37240000250838</key>
		<dict>
			<key>fileEncoding</key>
			<string>4</string>
			<key>isa</key>
			<string>PBXFileReference</string>
			<key>lastKnownFileType</key>
			<string>sourcecode.c.h</string>
			<key>path</key>
			<string>FullScreenPlayerViewController.h</string>
			<key>sourceTree</key>
			<string>&lt;group&gt;</string>
		</dict>
		<key>846A61841D37240000250838</key>
		<dict>
			<key>fileEncoding</key>
			<string>4</string>
			<key>isa</key>
			<string>PBXFileReference</string>
			<key>lastKnownFileType</key>
			<string>sourcecode.c.objc</string>
			<key>path</key>
			<string>FullScreenPlayerViewController.m</string>
			<key>sourceTree</key>
			<string>&lt;group&gt;</string>
		</dict>
		<key>846A61851D37240000250838</key>
		<dict>
			<key>fileRef</key>
			<string>846A61841D37240000250838</string>
			<key>isa</key>
			<string>PBXBuildFile</string>
		</dict>
		<key>846A61861D375C3100250838</key>
		<dict>
			<key>children</key>
			<array>
				<string>846A61881D375C3100250838</string>
				<string>846A61891D375C3100250838</string>
				<string>846A618A1D375C3100250838</string>
				<string>846A618B1D375C3100250838</string>
				<string>846A618C1D375C3100250838</string>
				<string>846A618D1D375C3100250838</string>
				<string>846A618E1D375C3100250838</string>
				<string>846A618F1D375C3100250838</string>
				<string>846A61901D375C3100250838</string>
				<string>846A61911D375C3100250838</string>
				<string>846A61921D375C3100250838</string>
			</array>
			<key>isa</key>
			<string>PBXGroup</string>
			<key>path</key>
			<string>WXSTransition</string>
			<key>sourceTree</key>
			<string>&lt;group&gt;</string>
		</dict>
		<key>846A61881D375C3100250838</key>
		<dict>
			<key>fileEncoding</key>
			<string>4</string>
			<key>isa</key>
			<string>PBXFileReference</string>
			<key>lastKnownFileType</key>
			<string>sourcecode.c.h</string>
			<key>path</key>
			<string>UINavigationController+WXSTransition.h</string>
			<key>sourceTree</key>
			<string>&lt;group&gt;</string>
		</dict>
		<key>846A61891D375C3100250838</key>
		<dict>
			<key>fileEncoding</key>
			<string>4</string>
			<key>isa</key>
			<string>PBXFileReference</string>
			<key>lastKnownFileType</key>
			<string>sourcecode.c.objc</string>
			<key>path</key>
			<string>UINavigationController+WXSTransition.m</string>
			<key>sourceTree</key>
			<string>&lt;group&gt;</string>
		</dict>
		<key>846A618A1D375C3100250838</key>
		<dict>
			<key>fileEncoding</key>
			<string>4</string>
			<key>isa</key>
			<string>PBXFileReference</string>
			<key>lastKnownFileType</key>
			<string>sourcecode.c.h</string>
			<key>path</key>
			<string>UIViewController+WXSTransition.h</string>
			<key>sourceTree</key>
			<string>&lt;group&gt;</string>
		</dict>
		<key>846A618B1D375C3100250838</key>
		<dict>
			<key>fileEncoding</key>
			<string>4</string>
			<key>isa</key>
			<string>PBXFileReference</string>
			<key>lastKnownFileType</key>
			<string>sourcecode.c.objc</string>
			<key>path</key>
			<string>UIViewController+WXSTransition.m</string>
			<key>sourceTree</key>
			<string>&lt;group&gt;</string>
		</dict>
		<key>846A618C1D375C3100250838</key>
		<dict>
			<key>fileEncoding</key>
			<string>4</string>
			<key>isa</key>
			<string>PBXFileReference</string>
			<key>lastKnownFileType</key>
			<string>sourcecode.c.h</string>
			<key>path</key>
			<string>WXSPercentDrivenInteractiveTransition.h</string>
			<key>sourceTree</key>
			<string>&lt;group&gt;</string>
		</dict>
		<key>846A618D1D375C3100250838</key>
		<dict>
			<key>fileEncoding</key>
			<string>4</string>
			<key>isa</key>
			<string>PBXFileReference</string>
			<key>lastKnownFileType</key>
			<string>sourcecode.c.objc</string>
			<key>path</key>
			<string>WXSPercentDrivenInteractiveTransition.m</string>
			<key>sourceTree</key>
			<string>&lt;group&gt;</string>
		</dict>
		<key>846A618E1D375C3100250838</key>
		<dict>
			<key>fileEncoding</key>
			<string>4</string>
			<key>isa</key>
			<string>PBXFileReference</string>
			<key>lastKnownFileType</key>
			<string>sourcecode.c.h</string>
			<key>path</key>
			<string>WXSTransitionManager.h</string>
			<key>sourceTree</key>
			<string>&lt;group&gt;</string>
		</dict>
		<key>846A618F1D375C3100250838</key>
		<dict>
			<key>fileEncoding</key>
			<string>4</string>
			<key>isa</key>
			<string>PBXFileReference</string>
			<key>lastKnownFileType</key>
			<string>sourcecode.c.objc</string>
			<key>path</key>
			<string>WXSTransitionManager.m</string>
			<key>sourceTree</key>
			<string>&lt;group&gt;</string>
		</dict>
		<key>846A61901D375C3100250838</key>
		<dict>
			<key>fileEncoding</key>
			<string>4</string>
			<key>isa</key>
			<string>PBXFileReference</string>
			<key>lastKnownFileType</key>
			<string>sourcecode.c.h</string>
			<key>path</key>
			<string>WXSTransitionProperty.h</string>
			<key>sourceTree</key>
			<string>&lt;group&gt;</string>
		</dict>
		<key>846A61911D375C3100250838</key>
		<dict>
			<key>fileEncoding</key>
			<string>4</string>
			<key>isa</key>
			<string>PBXFileReference</string>
			<key>lastKnownFileType</key>
			<string>sourcecode.c.objc</string>
			<key>path</key>
			<string>WXSTransitionProperty.m</string>
			<key>sourceTree</key>
			<string>&lt;group&gt;</string>
		</dict>
		<key>846A61921D375C3100250838</key>
		<dict>
			<key>fileEncoding</key>
			<string>4</string>
			<key>isa</key>
			<string>PBXFileReference</string>
			<key>lastKnownFileType</key>
			<string>sourcecode.c.h</string>
			<key>path</key>
			<string>WXSTypedefConfig.h</string>
			<key>sourceTree</key>
			<string>&lt;group&gt;</string>
		</dict>
		<key>846A61941D375C3100250838</key>
		<dict>
			<key>fileRef</key>
			<string>846A61891D375C3100250838</string>
			<key>isa</key>
			<string>PBXBuildFile</string>
		</dict>
		<key>846A61951D375C3100250838</key>
		<dict>
			<key>fileRef</key>
			<string>846A618B1D375C3100250838</string>
			<key>isa</key>
			<string>PBXBuildFile</string>
		</dict>
		<key>846A61961D375C3100250838</key>
		<dict>
			<key>fileRef</key>
			<string>846A618D1D375C3100250838</string>
			<key>isa</key>
			<string>PBXBuildFile</string>
		</dict>
		<key>846A61971D375C3100250838</key>
		<dict>
			<key>fileRef</key>
			<string>846A618F1D375C3100250838</string>
			<key>isa</key>
			<string>PBXBuildFile</string>
		</dict>
		<key>846A61981D375C3100250838</key>
		<dict>
			<key>fileRef</key>
			<string>846A61911D375C3100250838</string>
			<key>isa</key>
			<string>PBXBuildFile</string>
		</dict>
		<key>846A61991D378CEC00250838</key>
		<dict>
			<key>children</key>
			<array>
				<string>846A619A1D378D6B00250838</string>
				<string>846A619B1D378D6B00250838</string>
			</array>
			<key>isa</key>
			<string>PBXGroup</string>
			<key>path</key>
			<string>UINavigationController+InterfaceOrientations</string>
			<key>sourceTree</key>
			<string>&lt;group&gt;</string>
		</dict>
		<key>846A619A1D378D6B00250838</key>
		<dict>
			<key>fileEncoding</key>
			<string>4</string>
			<key>isa</key>
			<string>PBXFileReference</string>
			<key>lastKnownFileType</key>
			<string>sourcecode.c.h</string>
			<key>path</key>
			<string>UINavigationController+UIInterfaceOrientations.h</string>
			<key>sourceTree</key>
			<string>&lt;group&gt;</string>
		</dict>
		<key>846A619B1D378D6B00250838</key>
		<dict>
			<key>fileEncoding</key>
			<string>4</string>
			<key>isa</key>
			<string>PBXFileReference</string>
			<key>lastKnownFileType</key>
			<string>sourcecode.c.objc</string>
			<key>path</key>
			<string>UINavigationController+UIInterfaceOrientations.m</string>
			<key>sourceTree</key>
			<string>&lt;group&gt;</string>
		</dict>
		<key>846A619C1D378D6B00250838</key>
		<dict>
			<key>fileRef</key>
			<string>846A619B1D378D6B00250838</string>
			<key>isa</key>
			<string>PBXBuildFile</string>
		</dict>
		<key>846A76E81D016DD00055E54E</key>
		<dict>
			<key>children</key>
			<array>
				<string>846A76E91D016DD00055E54E</string>
				<string>846A76EC1D016DD00055E54E</string>
				<string>846A76ED1D016DD00055E54E</string>
				<string>846A76EE1D016DD00055E54E</string>
				<string>846A76EF1D016DD00055E54E</string>
				<string>846A76F01D016DD00055E54E</string>
				<string>846A76F11D016DD00055E54E</string>
				<string>846A76F21D016DD00055E54E</string>
			</array>
			<key>isa</key>
			<string>PBXGroup</string>
			<key>path</key>
			<string>NetWorkManager</string>
			<key>sourceTree</key>
			<string>&lt;group&gt;</string>
		</dict>
		<key>846A76E91D016DD00055E54E</key>
		<dict>
			<key>children</key>
			<array>
				<string>846A76EA1D016DD00055E54E</string>
				<string>846A76EB1D016DD00055E54E</string>
				<string>8463B9E01D13FF7D00EACECD</string>
				<string>8463B9E11D13FF7D00EACECD</string>
			</array>
			<key>isa</key>
			<string>PBXGroup</string>
			<key>path</key>
			<string>NetWorkAPIManager</string>
			<key>sourceTree</key>
			<string>&lt;group&gt;</string>
		</dict>
		<key>846A76EA1D016DD00055E54E</key>
		<dict>
			<key>fileEncoding</key>
			<string>4</string>
			<key>isa</key>
			<string>PBXFileReference</string>
			<key>lastKnownFileType</key>
			<string>sourcecode.c.h</string>
			<key>path</key>
			<string>SCDeviceInfoManager.h</string>
			<key>sourceTree</key>
			<string>&lt;group&gt;</string>
		</dict>
		<key>846A76EB1D016DD00055E54E</key>
		<dict>
			<key>fileEncoding</key>
			<string>4</string>
			<key>isa</key>
			<string>PBXFileReference</string>
			<key>lastKnownFileType</key>
			<string>sourcecode.c.objc</string>
			<key>path</key>
			<string>SCDeviceInfoManager.m</string>
			<key>sourceTree</key>
			<string>&lt;group&gt;</string>
		</dict>
		<key>846A76EC1D016DD00055E54E</key>
		<dict>
			<key>fileEncoding</key>
			<string>4</string>
			<key>isa</key>
			<string>PBXFileReference</string>
			<key>lastKnownFileType</key>
			<string>sourcecode.c.h</string>
			<key>path</key>
			<string>RFGeneralManager.h</string>
			<key>sourceTree</key>
			<string>&lt;group&gt;</string>
		</dict>
		<key>846A76ED1D016DD00055E54E</key>
		<dict>
			<key>fileEncoding</key>
			<string>4</string>
			<key>isa</key>
			<string>PBXFileReference</string>
			<key>lastKnownFileType</key>
			<string>sourcecode.c.objc</string>
			<key>path</key>
			<string>RFGeneralManager.m</string>
			<key>sourceTree</key>
			<string>&lt;group&gt;</string>
		</dict>
		<key>846A76EE1D016DD00055E54E</key>
		<dict>
			<key>fileEncoding</key>
			<string>4</string>
			<key>isa</key>
			<string>PBXFileReference</string>
			<key>lastKnownFileType</key>
			<string>sourcecode.c.h</string>
			<key>path</key>
			<string>RFNetWorkHelper.h</string>
			<key>sourceTree</key>
			<string>&lt;group&gt;</string>
		</dict>
		<key>846A76EF1D016DD00055E54E</key>
		<dict>
			<key>fileEncoding</key>
			<string>4</string>
			<key>isa</key>
			<string>PBXFileReference</string>
			<key>lastKnownFileType</key>
			<string>sourcecode.c.h</string>
			<key>path</key>
			<string>SCNetWorkManager.h</string>
			<key>sourceTree</key>
			<string>&lt;group&gt;</string>
		</dict>
		<key>846A76F01D016DD00055E54E</key>
		<dict>
			<key>fileEncoding</key>
			<string>4</string>
			<key>isa</key>
			<string>PBXFileReference</string>
			<key>lastKnownFileType</key>
			<string>sourcecode.c.objc</string>
			<key>path</key>
			<string>SCNetWorkManager.m</string>
			<key>sourceTree</key>
			<string>&lt;group&gt;</string>
		</dict>
		<key>846A76F11D016DD00055E54E</key>
		<dict>
			<key>fileEncoding</key>
			<string>4</string>
			<key>isa</key>
			<string>PBXFileReference</string>
			<key>lastKnownFileType</key>
			<string>sourcecode.c.h</string>
			<key>path</key>
			<string>URLManager.h</string>
			<key>sourceTree</key>
			<string>&lt;group&gt;</string>
		</dict>
		<key>846A76F21D016DD00055E54E</key>
		<dict>
			<key>fileEncoding</key>
			<string>4</string>
			<key>isa</key>
			<string>PBXFileReference</string>
			<key>lastKnownFileType</key>
			<string>sourcecode.c.objc</string>
			<key>path</key>
			<string>URLManager.m</string>
			<key>sourceTree</key>
			<string>&lt;group&gt;</string>
		</dict>
		<key>846A76F31D016DD00055E54E</key>
		<dict>
			<key>fileRef</key>
			<string>846A76EB1D016DD00055E54E</string>
			<key>isa</key>
			<string>PBXBuildFile</string>
		</dict>
		<key>846A76F41D016DD00055E54E</key>
		<dict>
			<key>fileRef</key>
			<string>846A76ED1D016DD00055E54E</string>
			<key>isa</key>
			<string>PBXBuildFile</string>
		</dict>
		<key>846A76F51D016DD00055E54E</key>
		<dict>
			<key>fileRef</key>
			<string>846A76F01D016DD00055E54E</string>
			<key>isa</key>
			<string>PBXBuildFile</string>
		</dict>
		<key>846A76F61D016DD00055E54E</key>
		<dict>
			<key>fileRef</key>
			<string>846A76F21D016DD00055E54E</string>
			<key>isa</key>
			<string>PBXBuildFile</string>
		</dict>
		<key>8471AB0C1CFC320D00CB5DB6</key>
		<dict>
			<key>children</key>
			<array>
				<string>8471AB0D1CFC321F00CB5DB6</string>
				<string>8471AB0E1CFC321F00CB5DB6</string>
				<string>846582251D06CDC0009C5A9E</string>
				<string>846582261D06CDC0009C5A9E</string>
				<string>8482CF6C1D127A9F0020CEEA</string>
				<string>8482CF6D1D127A9F0020CEEA</string>
				<string>8482CF6F1D12A40B0020CEEA</string>
				<string>8482CF701D12A40B0020CEEA</string>
				<string>8463B9DA1D13FC2300EACECD</string>
				<string>8463B9DB1D13FC2300EACECD</string>
				<string>8463B9DD1D13FE4F00EACECD</string>
				<string>8463B9DE1D13FE4F00EACECD</string>
				<string>847EEFA81D17CAC3009765E6</string>
				<string>847EEFA91D17CAC3009765E6</string>
			</array>
			<key>isa</key>
			<string>PBXGroup</string>
			<key>path</key>
			<string>Model</string>
			<key>sourceTree</key>
			<string>&lt;group&gt;</string>
		</dict>
		<key>8471AB0D1CFC321F00CB5DB6</key>
		<dict>
			<key>fileEncoding</key>
			<string>4</string>
			<key>isa</key>
			<string>PBXFileReference</string>
			<key>lastKnownFileType</key>
			<string>sourcecode.c.h</string>
			<key>path</key>
			<string>Fruit.h</string>
			<key>sourceTree</key>
			<string>&lt;group&gt;</string>
		</dict>
		<key>8471AB0E1CFC321F00CB5DB6</key>
		<dict>
			<key>fileEncoding</key>
			<string>4</string>
			<key>isa</key>
			<string>PBXFileReference</string>
			<key>lastKnownFileType</key>
			<string>sourcecode.c.objc</string>
			<key>path</key>
			<string>Fruit.m</string>
			<key>sourceTree</key>
			<string>&lt;group&gt;</string>
		</dict>
		<key>8471AB0F1CFC321F00CB5DB6</key>
		<dict>
			<key>fileRef</key>
			<string>8471AB0E1CFC321F00CB5DB6</string>
			<key>isa</key>
			<string>PBXBuildFile</string>
		</dict>
		<key>8471F2411D3347860029A409</key>
		<dict>
			<key>children</key>
			<array>
				<string>8471F24C1D334DD10029A409</string>
				<string>8471F24D1D334DD10029A409</string>
				<string>8471F24F1D3351000029A409</string>
				<string>8471F2501D3351000029A409</string>
				<string>8471F2521D33519E0029A409</string>
				<string>8471F2531D33519E0029A409</string>
			</array>
			<key>isa</key>
			<string>PBXGroup</string>
			<key>path</key>
			<string>ScriptSelectViewController</string>
			<key>sourceTree</key>
			<string>&lt;group&gt;</string>
		</dict>
		<key>8471F2421D3347860029A409</key>
		<dict>
			<key>children</key>
			<array>
				<string>847C58621D34E7BC002159AC</string>
				<string>8471F2491D334DBC0029A409</string>
				<string>8471F24A1D334DBC0029A409</string>
			</array>
			<key>isa</key>
			<string>PBXGroup</string>
			<key>path</key>
			<string>ScriptSerialViewController</string>
			<key>sourceTree</key>
			<string>&lt;group&gt;</string>
		</dict>
		<key>8471F2491D334DBC0029A409</key>
		<dict>
			<key>fileEncoding</key>
			<string>4</string>
			<key>isa</key>
			<string>PBXFileReference</string>
			<key>lastKnownFileType</key>
			<string>sourcecode.c.h</string>
			<key>path</key>
			<string>ScriptSerialViewController.h</string>
			<key>sourceTree</key>
			<string>&lt;group&gt;</string>
		</dict>
		<key>8471F24A1D334DBC0029A409</key>
		<dict>
			<key>fileEncoding</key>
			<string>4</string>
			<key>isa</key>
			<string>PBXFileReference</string>
			<key>lastKnownFileType</key>
			<string>sourcecode.c.objc</string>
			<key>path</key>
			<string>ScriptSerialViewController.m</string>
			<key>sourceTree</key>
			<string>&lt;group&gt;</string>
		</dict>
		<key>8471F24B1D334DBC0029A409</key>
		<dict>
			<key>fileRef</key>
			<string>8471F24A1D334DBC0029A409</string>
			<key>isa</key>
			<string>PBXBuildFile</string>
		</dict>
		<key>8471F24C1D334DD10029A409</key>
		<dict>
			<key>fileEncoding</key>
			<string>4</string>
			<key>isa</key>
			<string>PBXFileReference</string>
			<key>lastKnownFileType</key>
			<string>sourcecode.c.h</string>
			<key>path</key>
			<string>ScriptSelectViewController.h</string>
			<key>sourceTree</key>
			<string>&lt;group&gt;</string>
		</dict>
		<key>8471F24D1D334DD10029A409</key>
		<dict>
			<key>fileEncoding</key>
			<string>4</string>
			<key>isa</key>
			<string>PBXFileReference</string>
			<key>lastKnownFileType</key>
			<string>sourcecode.c.objc</string>
			<key>path</key>
			<string>ScriptSelectViewController.m</string>
			<key>sourceTree</key>
			<string>&lt;group&gt;</string>
		</dict>
		<key>8471F24E1D334DD10029A409</key>
		<dict>
			<key>fileRef</key>
			<string>8471F24D1D334DD10029A409</string>
			<key>isa</key>
			<string>PBXBuildFile</string>
		</dict>
		<key>8471F24F1D3351000029A409</key>
		<dict>
			<key>fileEncoding</key>
			<string>4</string>
			<key>isa</key>
			<string>PBXFileReference</string>
			<key>lastKnownFileType</key>
			<string>sourcecode.c.h</string>
			<key>path</key>
			<string>ScriptSelectCollectionViewCell.h</string>
			<key>sourceTree</key>
			<string>&lt;group&gt;</string>
		</dict>
		<key>8471F2501D3351000029A409</key>
		<dict>
			<key>fileEncoding</key>
			<string>4</string>
			<key>isa</key>
			<string>PBXFileReference</string>
			<key>lastKnownFileType</key>
			<string>sourcecode.c.objc</string>
			<key>path</key>
			<string>ScriptSelectCollectionViewCell.m</string>
			<key>sourceTree</key>
			<string>&lt;group&gt;</string>
		</dict>
		<key>8471F2511D3351000029A409</key>
		<dict>
			<key>fileRef</key>
			<string>8471F2501D3351000029A409</string>
			<key>isa</key>
			<string>PBXBuildFile</string>
		</dict>
		<key>8471F2521D33519E0029A409</key>
		<dict>
			<key>fileEncoding</key>
			<string>4</string>
			<key>isa</key>
			<string>PBXFileReference</string>
			<key>lastKnownFileType</key>
			<string>sourcecode.c.h</string>
			<key>path</key>
			<string>ScriptSelectSmellView.h</string>
			<key>sourceTree</key>
			<string>&lt;group&gt;</string>
		</dict>
		<key>8471F2531D33519E0029A409</key>
		<dict>
			<key>fileEncoding</key>
			<string>4</string>
			<key>isa</key>
			<string>PBXFileReference</string>
			<key>lastKnownFileType</key>
			<string>sourcecode.c.objc</string>
			<key>path</key>
			<string>ScriptSelectSmellView.m</string>
			<key>sourceTree</key>
			<string>&lt;group&gt;</string>
		</dict>
		<key>8471F2541D33519E0029A409</key>
		<dict>
			<key>fileRef</key>
			<string>8471F2531D33519E0029A409</string>
			<key>isa</key>
			<string>PBXBuildFile</string>
		</dict>
		<key>84796FF01D3C7F3900465074</key>
		<dict>
			<key>children</key>
			<array>
				<string>84796FF11D3C7F6100465074</string>
				<string>84796FF21D3C7F6100465074</string>
			</array>
			<key>isa</key>
			<string>PBXGroup</string>
			<key>path</key>
			<string>FloatView</string>
			<key>sourceTree</key>
			<string>&lt;group&gt;</string>
		</dict>
		<key>84796FF11D3C7F6100465074</key>
		<dict>
			<key>fileEncoding</key>
			<string>4</string>
			<key>isa</key>
			<string>PBXFileReference</string>
			<key>lastKnownFileType</key>
			<string>sourcecode.c.h</string>
			<key>path</key>
			<string>FloatView.h</string>
			<key>sourceTree</key>
			<string>&lt;group&gt;</string>
		</dict>
		<key>84796FF21D3C7F6100465074</key>
		<dict>
			<key>fileEncoding</key>
			<string>4</string>
			<key>isa</key>
			<string>PBXFileReference</string>
			<key>lastKnownFileType</key>
			<string>sourcecode.c.objc</string>
			<key>path</key>
			<string>FloatView.m</string>
			<key>sourceTree</key>
			<string>&lt;group&gt;</string>
		</dict>
		<key>84796FF31D3C7F6100465074</key>
		<dict>
			<key>fileRef</key>
			<string>84796FF21D3C7F6100465074</string>
			<key>isa</key>
			<string>PBXBuildFile</string>
		</dict>
		<key>84796FF41D3CB53E00465074</key>
		<dict>
			<key>fileEncoding</key>
			<string>4</string>
			<key>isa</key>
			<string>PBXFileReference</string>
			<key>lastKnownFileType</key>
			<string>sourcecode.c.h</string>
			<key>path</key>
			<string>BluetoothProcessManager.h</string>
			<key>sourceTree</key>
			<string>&lt;group&gt;</string>
		</dict>
		<key>84796FF51D3CB53E00465074</key>
		<dict>
			<key>fileEncoding</key>
			<string>4</string>
			<key>isa</key>
			<string>PBXFileReference</string>
			<key>lastKnownFileType</key>
			<string>sourcecode.c.objc</string>
			<key>path</key>
			<string>BluetoothProcessManager.m</string>
			<key>sourceTree</key>
			<string>&lt;group&gt;</string>
		</dict>
		<key>84796FF61D3CB53E00465074</key>
		<dict>
			<key>fileRef</key>
			<string>84796FF51D3CB53E00465074</string>
			<key>isa</key>
			<string>PBXBuildFile</string>
		</dict>
		<key>8479700A1D3CE40100465074</key>
		<dict>
			<key>children</key>
			<array>
				<string>8479700B1D3CE40100465074</string>
				<string>8479700C1D3CE40100465074</string>
			</array>
			<key>isa</key>
			<string>PBXGroup</string>
			<key>path</key>
			<string>PopMenuView</string>
			<key>sourceTree</key>
			<string>&lt;group&gt;</string>
		</dict>
		<key>8479700B1D3CE40100465074</key>
		<dict>
			<key>fileEncoding</key>
			<string>4</string>
			<key>isa</key>
			<string>PBXFileReference</string>
			<key>lastKnownFileType</key>
			<string>sourcecode.c.h</string>
			<key>path</key>
			<string>PopoverView.h</string>
			<key>sourceTree</key>
			<string>&lt;group&gt;</string>
		</dict>
		<key>8479700C1D3CE40100465074</key>
		<dict>
			<key>fileEncoding</key>
			<string>4</string>
			<key>isa</key>
			<string>PBXFileReference</string>
			<key>lastKnownFileType</key>
			<string>sourcecode.c.objc</string>
			<key>path</key>
			<string>PopoverView.m</string>
			<key>sourceTree</key>
			<string>&lt;group&gt;</string>
		</dict>
		<key>8479700D1D3CE40100465074</key>
		<dict>
			<key>fileRef</key>
			<string>8479700C1D3CE40100465074</string>
			<key>isa</key>
			<string>PBXBuildFile</string>
		</dict>
		<key>8479700E1D3CF48300465074</key>
		<dict>
			<key>children</key>
			<array>
				<string>8479700F1D3CF49E00465074</string>
				<string>847970101D3CF49E00465074</string>
			</array>
			<key>isa</key>
			<string>PBXGroup</string>
			<key>path</key>
			<string>ComboxView</string>
			<key>sourceTree</key>
			<string>&lt;group&gt;</string>
		</dict>
		<key>8479700F1D3CF49E00465074</key>
		<dict>
			<key>fileEncoding</key>
			<string>4</string>
			<key>isa</key>
			<string>PBXFileReference</string>
			<key>lastKnownFileType</key>
			<string>sourcecode.c.h</string>
			<key>path</key>
			<string>ComboxView.h</string>
			<key>sourceTree</key>
			<string>&lt;group&gt;</string>
		</dict>
		<key>847970101D3CF49E00465074</key>
		<dict>
			<key>fileEncoding</key>
			<string>4</string>
			<key>isa</key>
			<string>PBXFileReference</string>
			<key>lastKnownFileType</key>
			<string>sourcecode.c.objc</string>
			<key>path</key>
			<string>ComboxView.m</string>
			<key>sourceTree</key>
			<string>&lt;group&gt;</string>
		</dict>
		<key>847970111D3CF49E00465074</key>
		<dict>
			<key>fileRef</key>
			<string>847970101D3CF49E00465074</string>
			<key>isa</key>
			<string>PBXBuildFile</string>
		</dict>
		<key>847C58621D34E7BC002159AC</key>
		<dict>
			<key>children</key>
			<array>
				<string>847C58631D34E7D2002159AC</string>
				<string>847C58641D34E7D2002159AC</string>
				<string>847C58651D34E7D2002159AC</string>
			</array>
			<key>isa</key>
			<string>PBXGroup</string>
			<key>path</key>
			<string>ScriptSerialCollectionViewCell</string>
			<key>sourceTree</key>
			<string>&lt;group&gt;</string>
		</dict>
		<key>847C58631D34E7D2002159AC</key>
		<dict>
			<key>fileEncoding</key>
			<string>4</string>
			<key>isa</key>
			<string>PBXFileReference</string>
			<key>lastKnownFileType</key>
			<string>sourcecode.c.h</string>
			<key>path</key>
			<string>ScriptSerialCollectionViewCell.h</string>
			<key>sourceTree</key>
			<string>&lt;group&gt;</string>
		</dict>
		<key>847C58641D34E7D2002159AC</key>
		<dict>
			<key>fileEncoding</key>
			<string>4</string>
			<key>isa</key>
			<string>PBXFileReference</string>
			<key>lastKnownFileType</key>
			<string>sourcecode.c.objc</string>
			<key>path</key>
			<string>ScriptSerialCollectionViewCell.m</string>
			<key>sourceTree</key>
			<string>&lt;group&gt;</string>
		</dict>
		<key>847C58651D34E7D2002159AC</key>
		<dict>
			<key>fileEncoding</key>
			<string>4</string>
			<key>isa</key>
			<string>PBXFileReference</string>
			<key>lastKnownFileType</key>
			<string>file.xib</string>
			<key>path</key>
			<string>ScriptSerialCollectionViewCell.xib</string>
			<key>sourceTree</key>
			<string>&lt;group&gt;</string>
		</dict>
		<key>847C58661D34E7D2002159AC</key>
		<dict>
			<key>fileRef</key>
			<string>847C58641D34E7D2002159AC</string>
			<key>isa</key>
			<string>PBXBuildFile</string>
		</dict>
		<key>847C58671D34E7D2002159AC</key>
		<dict>
			<key>fileRef</key>
			<string>847C58651D34E7D2002159AC</string>
			<key>isa</key>
			<string>PBXBuildFile</string>
		</dict>
		<key>847EC4C11CFD65E5000D77AE</key>
		<dict>
			<key>children</key>
			<array>
				<string>8482CF561D12583F0020CEEA</string>
				<string>846735C21D0033D00073ED9D</string>
				<string>847EC4C21CFD65E5000D77AE</string>
				<string>847EC4C81CFD65E5000D77AE</string>
				<string>847EC4CD1CFD65E5000D77AE</string>
			</array>
			<key>isa</key>
			<string>PBXGroup</string>
			<key>path</key>
			<string>Helper</string>
			<key>sourceTree</key>
			<string>&lt;group&gt;</string>
		</dict>
		<key>847EC4C21CFD65E5000D77AE</key>
		<dict>
			<key>children</key>
			<array>
				<string>847EC4C31CFD65E5000D77AE</string>
				<string>847EC4C41CFD65E5000D77AE</string>
				<string>847EC4C51CFD65E5000D77AE</string>
				<string>84796FF41D3CB53E00465074</string>
				<string>84796FF51D3CB53E00465074</string>
			</array>
			<key>isa</key>
			<string>PBXGroup</string>
			<key>path</key>
			<string>Bluetooth</string>
			<key>sourceTree</key>
			<string>&lt;group&gt;</string>
		</dict>
		<key>847EC4C31CFD65E5000D77AE</key>
		<dict>
			<key>fileEncoding</key>
			<string>4</string>
			<key>isa</key>
			<string>PBXFileReference</string>
			<key>lastKnownFileType</key>
			<string>sourcecode.c.h</string>
			<key>path</key>
			<string>BluetoothMacManager.h</string>
			<key>sourceTree</key>
			<string>&lt;group&gt;</string>
		</dict>
		<key>847EC4C41CFD65E5000D77AE</key>
		<dict>
			<key>fileEncoding</key>
			<string>4</string>
			<key>isa</key>
			<string>PBXFileReference</string>
			<key>lastKnownFileType</key>
			<string>sourcecode.c.objc</string>
			<key>path</key>
			<string>BluetoothMacManager.m</string>
			<key>sourceTree</key>
			<string>&lt;group&gt;</string>
		</dict>
		<key>847EC4C51CFD65E5000D77AE</key>
		<dict>
			<key>children</key>
			<array>
				<string>847EC4C61CFD65E5000D77AE</string>
				<string>847EC4C71CFD65E5000D77AE</string>
			</array>
			<key>isa</key>
			<string>PBXGroup</string>
			<key>path</key>
			<string>DataAnalizer</string>
			<key>sourceTree</key>
			<string>&lt;group&gt;</string>
		</dict>
		<key>847EC4C61CFD65E5000D77AE</key>
		<dict>
			<key>fileEncoding</key>
			<string>4</string>
			<key>isa</key>
			<string>PBXFileReference</string>
			<key>lastKnownFileType</key>
			<string>sourcecode.c.h</string>
			<key>path</key>
			<string>DataAnalizer.h</string>
			<key>sourceTree</key>
			<string>&lt;group&gt;</string>
		</dict>
		<key>847EC4C71CFD65E5000D77AE</key>
		<dict>
			<key>fileEncoding</key>
			<string>4</string>
			<key>isa</key>
			<string>PBXFileReference</string>
			<key>lastKnownFileType</key>
			<string>sourcecode.c.objc</string>
			<key>path</key>
			<string>DataAnalizer.m</string>
			<key>sourceTree</key>
			<string>&lt;group&gt;</string>
		</dict>
		<key>847EC4C81CFD65E5000D77AE</key>
		<dict>
			<key>children</key>
			<array>
				<string>847EC4C91CFD65E5000D77AE</string>
				<string>847EC4CB1CFD65E5000D77AE</string>
				<string>847EC4CC1CFD65E5000D77AE</string>
			</array>
			<key>isa</key>
			<string>PBXGroup</string>
			<key>path</key>
			<string>IflyRecognizer</string>
			<key>sourceTree</key>
			<string>&lt;group&gt;</string>
		</dict>
		<key>847EC4C91CFD65E5000D77AE</key>
		<dict>
			<key>children</key>
			<array>
				<string>847EC4CA1CFD65E5000D77AE</string>
			</array>
			<key>isa</key>
			<string>PBXGroup</string>
			<key>path</key>
			<string>bnf</string>
			<key>sourceTree</key>
			<string>&lt;group&gt;</string>
		</dict>
		<key>847EC4CA1CFD65E5000D77AE</key>
		<dict>
			<key>fileEncoding</key>
			<string>4</string>
			<key>isa</key>
			<string>PBXFileReference</string>
			<key>lastKnownFileType</key>
			<string>text</string>
			<key>path</key>
			<string>grammar_sample.abnf</string>
			<key>sourceTree</key>
			<string>&lt;group&gt;</string>
		</dict>
		<key>847EC4CB1CFD65E5000D77AE</key>
		<dict>
			<key>fileEncoding</key>
			<string>4</string>
			<key>isa</key>
			<string>PBXFileReference</string>
			<key>lastKnownFileType</key>
			<string>sourcecode.c.h</string>
			<key>path</key>
			<string>IflyRecognizerManager.h</string>
			<key>sourceTree</key>
			<string>&lt;group&gt;</string>
		</dict>
		<key>847EC4CC1CFD65E5000D77AE</key>
		<dict>
			<key>fileEncoding</key>
			<string>4</string>
			<key>isa</key>
			<string>PBXFileReference</string>
			<key>lastKnownFileType</key>
			<string>sourcecode.c.objc</string>
			<key>path</key>
			<string>IflyRecognizerManager.m</string>
			<key>sourceTree</key>
			<string>&lt;group&gt;</string>
		</dict>
		<key>847EC4CD1CFD65E5000D77AE</key>
		<dict>
			<key>children</key>
			<array>
				<string>847EC4CE1CFD65E5000D77AE</string>
				<string>847EC4CF1CFD65E5000D77AE</string>
				<string>847EC4D01CFD65E5000D77AE</string>
			</array>
			<key>isa</key>
			<string>PBXGroup</string>
			<key>path</key>
			<string>IFlySpeechSynthesizer</string>
			<key>sourceTree</key>
			<string>&lt;group&gt;</string>
		</dict>
		<key>847EC4CE1CFD65E5000D77AE</key>
		<dict>
			<key>fileEncoding</key>
			<string>4</string>
			<key>isa</key>
			<string>PBXFileReference</string>
			<key>lastKnownFileType</key>
			<string>sourcecode.c.h</string>
			<key>path</key>
			<string>IFlySpeechSynthesizerManager.h</string>
			<key>sourceTree</key>
			<string>&lt;group&gt;</string>
		</dict>
		<key>847EC4CF1CFD65E5000D77AE</key>
		<dict>
			<key>fileEncoding</key>
			<string>4</string>
			<key>isa</key>
			<string>PBXFileReference</string>
			<key>lastKnownFileType</key>
			<string>sourcecode.c.objc</string>
			<key>path</key>
			<string>IFlySpeechSynthesizerManager.m</string>
			<key>sourceTree</key>
			<string>&lt;group&gt;</string>
		</dict>
		<key>847EC4D01CFD65E5000D77AE</key>
		<dict>
			<key>children</key>
			<array>
				<string>847EC4D11CFD65E5000D77AE</string>
				<string>847EC4D21CFD65E5000D77AE</string>
				<string>847EC4D31CFD65E5000D77AE</string>
			</array>
			<key>isa</key>
			<string>PBXGroup</string>
			<key>path</key>
			<string>pcmPlayerCode</string>
			<key>sourceTree</key>
			<string>&lt;group&gt;</string>
		</dict>
		<key>847EC4D11CFD65E5000D77AE</key>
		<dict>
			<key>fileEncoding</key>
			<string>4</string>
			<key>isa</key>
			<string>PBXFileReference</string>
			<key>lastKnownFileType</key>
			<string>sourcecode.c.h</string>
			<key>path</key>
			<string>PcmPlayer.h</string>
			<key>sourceTree</key>
			<string>&lt;group&gt;</string>
		</dict>
		<key>847EC4D21CFD65E5000D77AE</key>
		<dict>
			<key>fileEncoding</key>
			<string>4</string>
			<key>isa</key>
			<string>PBXFileReference</string>
			<key>lastKnownFileType</key>
			<string>sourcecode.c.objc</string>
			<key>path</key>
			<string>PcmPlayer.m</string>
			<key>sourceTree</key>
			<string>&lt;group&gt;</string>
		</dict>
		<key>847EC4D31CFD65E5000D77AE</key>
		<dict>
			<key>fileEncoding</key>
			<string>4</string>
			<key>isa</key>
			<string>PBXFileReference</string>
			<key>lastKnownFileType</key>
			<string>sourcecode.c.h</string>
			<key>path</key>
			<string>PcmPlayerDelegate.h</string>
			<key>sourceTree</key>
			<string>&lt;group&gt;</string>
		</dict>
		<key>847EC4D41CFD65E5000D77AE</key>
		<dict>
			<key>fileRef</key>
			<string>847EC4C41CFD65E5000D77AE</string>
			<key>isa</key>
			<string>PBXBuildFile</string>
		</dict>
		<key>847EC4D51CFD65E5000D77AE</key>
		<dict>
			<key>fileRef</key>
			<string>847EC4C71CFD65E5000D77AE</string>
			<key>isa</key>
			<string>PBXBuildFile</string>
		</dict>
		<key>847EC4D61CFD65E5000D77AE</key>
		<dict>
			<key>fileRef</key>
			<string>847EC4CA1CFD65E5000D77AE</string>
			<key>isa</key>
			<string>PBXBuildFile</string>
		</dict>
		<key>847EC4D71CFD65E5000D77AE</key>
		<dict>
			<key>fileRef</key>
			<string>847EC4CC1CFD65E5000D77AE</string>
			<key>isa</key>
			<string>PBXBuildFile</string>
		</dict>
		<key>847EC4D81CFD65E5000D77AE</key>
		<dict>
			<key>fileRef</key>
			<string>847EC4CF1CFD65E5000D77AE</string>
			<key>isa</key>
			<string>PBXBuildFile</string>
		</dict>
		<key>847EC4D91CFD65E5000D77AE</key>
		<dict>
			<key>fileRef</key>
			<string>847EC4D21CFD65E5000D77AE</string>
			<key>isa</key>
			<string>PBXBuildFile</string>
		</dict>
		<key>847EC4DA1CFD6654000D77AE</key>
		<dict>
			<key>children</key>
			<array>
				<string>847EC4DB1CFD6654000D77AE</string>
				<string>847EC4DC1CFD6654000D77AE</string>
				<string>847EC4DD1CFD6654000D77AE</string>
			</array>
			<key>isa</key>
			<string>PBXGroup</string>
			<key>path</key>
			<string>Util</string>
			<key>sourceTree</key>
			<string>&lt;group&gt;</string>
		</dict>
		<key>847EC4DB1CFD6654000D77AE</key>
		<dict>
			<key>fileEncoding</key>
			<string>4</string>
			<key>isa</key>
			<string>PBXFileReference</string>
			<key>lastKnownFileType</key>
			<string>sourcecode.c.h</string>
			<key>path</key>
			<string>AppUtils.h</string>
			<key>sourceTree</key>
			<string>&lt;group&gt;</string>
		</dict>
		<key>847EC4DC1CFD6654000D77AE</key>
		<dict>
			<key>fileEncoding</key>
			<string>4</string>
			<key>isa</key>
			<string>PBXFileReference</string>
			<key>lastKnownFileType</key>
			<string>sourcecode.c.objc</string>
			<key>path</key>
			<string>AppUtils.m</string>
			<key>sourceTree</key>
			<string>&lt;group&gt;</string>
		</dict>
		<key>847EC4DD1CFD6654000D77AE</key>
		<dict>
			<key>fileEncoding</key>
			<string>4</string>
			<key>isa</key>
			<string>PBXFileReference</string>
			<key>lastKnownFileType</key>
			<string>sourcecode.c.h</string>
			<key>path</key>
			<string>GlobalVar.h</string>
			<key>sourceTree</key>
			<string>&lt;group&gt;</string>
		</dict>
		<key>847EC4DE1CFD6654000D77AE</key>
		<dict>
			<key>fileRef</key>
			<string>847EC4DC1CFD6654000D77AE</string>
			<key>isa</key>
			<string>PBXBuildFile</string>
		</dict>
		<key>847EC4DF1CFD667E000D77AE</key>
		<dict>
			<key>children</key>
			<array>
				<string>847EC4F41CFD6779000D77AE</string>
				<string>847EC4F21CFD676C000D77AE</string>
				<string>847EC4F01CFD6757000D77AE</string>
				<string>847EC4EE1CFD674F000D77AE</string>
				<string>847EC4EC1CFD6748000D77AE</string>
				<string>847EC4EA1CFD6740000D77AE</string>
				<string>847EC4E81CFD6735000D77AE</string>
				<string>847EC4E61CFD672C000D77AE</string>
				<string>847EC4E41CFD6722000D77AE</string>
				<string>847EC4E21CFD6716000D77AE</string>
				<string>5F1400122497B0F91C0FDC26</string>
			</array>
			<key>isa</key>
			<string>PBXGroup</string>
			<key>name</key>
			<string>Frameworks</string>
			<key>sourceTree</key>
			<string>&lt;group&gt;</string>
		</dict>
		<key>847EC4E01CFD66DE000D77AE</key>
		<dict>
			<key>isa</key>
			<string>PBXFileReference</string>
			<key>lastKnownFileType</key>
			<string>wrapper.framework</string>
			<key>path</key>
			<string>iflyMSC.framework</string>
			<key>sourceTree</key>
			<string>&lt;group&gt;</string>
		</dict>
		<key>847EC4E11CFD66DE000D77AE</key>
		<dict>
			<key>fileRef</key>
			<string>847EC4E01CFD66DE000D77AE</string>
			<key>isa</key>
			<string>PBXBuildFile</string>
		</dict>
		<key>847EC4E21CFD6716000D77AE</key>
		<dict>
			<key>isa</key>
			<string>PBXFileReference</string>
			<key>lastKnownFileType</key>
			<string>wrapper.framework</string>
			<key>name</key>
			<string>AddressBook.framework</string>
			<key>path</key>
			<string>System/Library/Frameworks/AddressBook.framework</string>
			<key>sourceTree</key>
			<string>SDKROOT</string>
		</dict>
		<key>847EC4E31CFD6716000D77AE</key>
		<dict>
			<key>fileRef</key>
			<string>847EC4E21CFD6716000D77AE</string>
			<key>isa</key>
			<string>PBXBuildFile</string>
		</dict>
		<key>847EC4E41CFD6722000D77AE</key>
		<dict>
			<key>isa</key>
			<string>PBXFileReference</string>
			<key>lastKnownFileType</key>
			<string>sourcecode.text-based-dylib-definition</string>
			<key>name</key>
			<string>libc++.tbd</string>
			<key>path</key>
			<string>usr/lib/libc++.tbd</string>
			<key>sourceTree</key>
			<string>SDKROOT</string>
		</dict>
		<key>847EC4E51CFD6722000D77AE</key>
		<dict>
			<key>fileRef</key>
			<string>847EC4E41CFD6722000D77AE</string>
			<key>isa</key>
			<string>PBXBuildFile</string>
		</dict>
		<key>847EC4E61CFD672C000D77AE</key>
		<dict>
			<key>isa</key>
			<string>PBXFileReference</string>
			<key>lastKnownFileType</key>
			<string>wrapper.framework</string>
			<key>name</key>
			<string>CoreGraphics.framework</string>
			<key>path</key>
			<string>System/Library/Frameworks/CoreGraphics.framework</string>
			<key>sourceTree</key>
			<string>SDKROOT</string>
		</dict>
		<key>847EC4E71CFD672C000D77AE</key>
		<dict>
			<key>fileRef</key>
			<string>847EC4E61CFD672C000D77AE</string>
			<key>isa</key>
			<string>PBXBuildFile</string>
		</dict>
		<key>847EC4E81CFD6735000D77AE</key>
		<dict>
			<key>isa</key>
			<string>PBXFileReference</string>
			<key>lastKnownFileType</key>
			<string>wrapper.framework</string>
			<key>name</key>
			<string>QuartzCore.framework</string>
			<key>path</key>
			<string>System/Library/Frameworks/QuartzCore.framework</string>
			<key>sourceTree</key>
			<string>SDKROOT</string>
		</dict>
		<key>847EC4E91CFD6735000D77AE</key>
		<dict>
			<key>fileRef</key>
			<string>847EC4E81CFD6735000D77AE</string>
			<key>isa</key>
			<string>PBXBuildFile</string>
		</dict>
		<key>847EC4EA1CFD6740000D77AE</key>
		<dict>
			<key>isa</key>
			<string>PBXFileReference</string>
			<key>lastKnownFileType</key>
			<string>wrapper.framework</string>
			<key>name</key>
			<string>SystemConfiguration.framework</string>
			<key>path</key>
			<string>System/Library/Frameworks/SystemConfiguration.framework</string>
			<key>sourceTree</key>
			<string>SDKROOT</string>
		</dict>
		<key>847EC4EB1CFD6740000D77AE</key>
		<dict>
			<key>fileRef</key>
			<string>847EC4EA1CFD6740000D77AE</string>
			<key>isa</key>
			<string>PBXBuildFile</string>
		</dict>
		<key>847EC4EC1CFD6748000D77AE</key>
		<dict>
			<key>isa</key>
			<string>PBXFileReference</string>
			<key>lastKnownFileType</key>
			<string>wrapper.framework</string>
			<key>name</key>
			<string>AudioToolbox.framework</string>
			<key>path</key>
			<string>System/Library/Frameworks/AudioToolbox.framework</string>
			<key>sourceTree</key>
			<string>SDKROOT</string>
		</dict>
		<key>847EC4ED1CFD6748000D77AE</key>
		<dict>
			<key>fileRef</key>
			<string>847EC4EC1CFD6748000D77AE</string>
			<key>isa</key>
			<string>PBXBuildFile</string>
		</dict>
		<key>847EC4EE1CFD674F000D77AE</key>
		<dict>
			<key>isa</key>
			<string>PBXFileReference</string>
			<key>lastKnownFileType</key>
			<string>wrapper.framework</string>
			<key>name</key>
			<string>AVFoundation.framework</string>
			<key>path</key>
			<string>System/Library/Frameworks/AVFoundation.framework</string>
			<key>sourceTree</key>
			<string>SDKROOT</string>
		</dict>
		<key>847EC4EF1CFD674F000D77AE</key>
		<dict>
			<key>fileRef</key>
			<string>847EC4EE1CFD674F000D77AE</string>
			<key>isa</key>
			<string>PBXBuildFile</string>
		</dict>
		<key>847EC4F01CFD6757000D77AE</key>
		<dict>
			<key>isa</key>
			<string>PBXFileReference</string>
			<key>lastKnownFileType</key>
			<string>wrapper.framework</string>
			<key>name</key>
			<string>CoreBluetooth.framework</string>
			<key>path</key>
			<string>System/Library/Frameworks/CoreBluetooth.framework</string>
			<key>sourceTree</key>
			<string>SDKROOT</string>
		</dict>
		<key>847EC4F11CFD6757000D77AE</key>
		<dict>
			<key>fileRef</key>
			<string>847EC4F01CFD6757000D77AE</string>
			<key>isa</key>
			<string>PBXBuildFile</string>
		</dict>
		<key>847EC4F21CFD676C000D77AE</key>
		<dict>
			<key>isa</key>
			<string>PBXFileReference</string>
			<key>lastKnownFileType</key>
			<string>wrapper.framework</string>
			<key>name</key>
			<string>CoreTelephony.framework</string>
			<key>path</key>
			<string>System/Library/Frameworks/CoreTelephony.framework</string>
			<key>sourceTree</key>
			<string>SDKROOT</string>
		</dict>
		<key>847EC4F31CFD676C000D77AE</key>
		<dict>
			<key>fileRef</key>
			<string>847EC4F21CFD676C000D77AE</string>
			<key>isa</key>
			<string>PBXBuildFile</string>
		</dict>
		<key>847EC4F41CFD6779000D77AE</key>
		<dict>
			<key>isa</key>
			<string>PBXFileReference</string>
			<key>lastKnownFileType</key>
			<string>sourcecode.text-based-dylib-definition</string>
			<key>name</key>
			<string>libz.tbd</string>
			<key>path</key>
			<string>usr/lib/libz.tbd</string>
			<key>sourceTree</key>
			<string>SDKROOT</string>
		</dict>
		<key>847EC4F51CFD6779000D77AE</key>
		<dict>
			<key>fileRef</key>
			<string>847EC4F41CFD6779000D77AE</string>
			<key>isa</key>
			<string>PBXBuildFile</string>
		</dict>
		<key>847EEFA81D17CAC3009765E6</key>
		<dict>
			<key>fileEncoding</key>
			<string>4</string>
			<key>isa</key>
			<string>PBXFileReference</string>
			<key>lastKnownFileType</key>
			<string>sourcecode.c.h</string>
			<key>path</key>
			<string>ScriptTaskTime.h</string>
			<key>sourceTree</key>
			<string>&lt;group&gt;</string>
		</dict>
		<key>847EEFA91D17CAC3009765E6</key>
		<dict>
			<key>fileEncoding</key>
			<string>4</string>
			<key>isa</key>
			<string>PBXFileReference</string>
			<key>lastKnownFileType</key>
			<string>sourcecode.c.objc</string>
			<key>path</key>
			<string>ScriptTaskTime.m</string>
			<key>sourceTree</key>
			<string>&lt;group&gt;</string>
		</dict>
		<key>847EEFAA1D17CAC3009765E6</key>
		<dict>
			<key>fileRef</key>
			<string>847EEFA91D17CAC3009765E6</string>
			<key>isa</key>
			<string>PBXBuildFile</string>
		</dict>
		<key>847EEFAB1D17D597009765E6</key>
		<dict>
			<key>children</key>
			<array>
				<string>8479700E1D3CF48300465074</string>
				<string>8479700A1D3CE40100465074</string>
				<string>846A61991D378CEC00250838</string>
				<string>846A61861D375C3100250838</string>
				<string>847EEFAC1D17D597009765E6</string>
			</array>
			<key>isa</key>
			<string>PBXGroup</string>
			<key>path</key>
			<string>ThirdPartPlugins</string>
			<key>sourceTree</key>
			<string>&lt;group&gt;</string>
		</dict>
		<key>847EEFAC1D17D597009765E6</key>
		<dict>
			<key>children</key>
			<array>
				<string>847EEFAD1D17D597009765E6</string>
				<string>847EEFAE1D17D597009765E6</string>
			</array>
			<key>isa</key>
			<string>PBXGroup</string>
			<key>path</key>
			<string>LZProgressView</string>
			<key>sourceTree</key>
			<string>&lt;group&gt;</string>
		</dict>
		<key>847EEFAD1D17D597009765E6</key>
		<dict>
			<key>fileEncoding</key>
			<string>4</string>
			<key>isa</key>
			<string>PBXFileReference</string>
			<key>lastKnownFileType</key>
			<string>sourcecode.c.h</string>
			<key>path</key>
			<string>LZProgressView.h</string>
			<key>sourceTree</key>
			<string>&lt;group&gt;</string>
		</dict>
		<key>847EEFAE1D17D597009765E6</key>
		<dict>
			<key>fileEncoding</key>
			<string>4</string>
			<key>isa</key>
			<string>PBXFileReference</string>
			<key>lastKnownFileType</key>
			<string>sourcecode.c.objc</string>
			<key>path</key>
			<string>LZProgressView.m</string>
			<key>sourceTree</key>
			<string>&lt;group&gt;</string>
		</dict>
		<key>847EEFAF1D17D597009765E6</key>
		<dict>
			<key>fileRef</key>
			<string>847EEFAE1D17D597009765E6</string>
			<key>isa</key>
			<string>PBXBuildFile</string>
		</dict>
		<key>8482CF561D12583F0020CEEA</key>
		<dict>
			<key>children</key>
			<array>
				<string>8482CF571D1258960020CEEA</string>
				<string>8482CF581D1258960020CEEA</string>
			</array>
			<key>isa</key>
			<string>PBXGroup</string>
			<key>path</key>
			<string>Script</string>
			<key>sourceTree</key>
			<string>&lt;group&gt;</string>
		</dict>
		<key>8482CF571D1258960020CEEA</key>
		<dict>
			<key>fileEncoding</key>
			<string>4</string>
			<key>isa</key>
			<string>PBXFileReference</string>
			<key>lastKnownFileType</key>
			<string>sourcecode.c.h</string>
			<key>path</key>
			<string>ScriptExecuteManager.h</string>
			<key>sourceTree</key>
			<string>&lt;group&gt;</string>
		</dict>
		<key>8482CF581D1258960020CEEA</key>
		<dict>
			<key>fileEncoding</key>
			<string>4</string>
			<key>isa</key>
			<string>PBXFileReference</string>
			<key>lastKnownFileType</key>
			<string>sourcecode.c.objc</string>
			<key>path</key>
			<string>ScriptExecuteManager.m</string>
			<key>sourceTree</key>
			<string>&lt;group&gt;</string>
		</dict>
		<key>8482CF591D1258960020CEEA</key>
		<dict>
			<key>fileRef</key>
			<string>8482CF581D1258960020CEEA</string>
			<key>isa</key>
			<string>PBXBuildFile</string>
		</dict>
		<key>8482CF5A1D12594D0020CEEA</key>
		<dict>
			<key>children</key>
			<array>
				<string>846A61821D3723CC00250838</string>
				<string>8460DCF81D35F2990040943E</string>
				<string>845BA4B61D2CF66700669501</string>
				<string>84F7719A1D1D238300591B24</string>
				<string>8463B9D61D1395C300EACECD</string>
				<string>8482CF5B1D12594D0020CEEA</string>
				<string>8482CF601D12594D0020CEEA</string>
			</array>
			<key>isa</key>
			<string>PBXGroup</string>
			<key>path</key>
			<string>Controller</string>
			<key>sourceTree</key>
			<string>&lt;group&gt;</string>
		</dict>
		<key>8482CF5B1D12594D0020CEEA</key>
		<dict>
			<key>children</key>
			<array>
				<string>84796FF01D3C7F3900465074</string>
				<string>8482CF5C1D12594D0020CEEA</string>
				<string>8482CF5D1D12594D0020CEEA</string>
				<string>8482CF5E1D12594D0020CEEA</string>
				<string>8482CF5F1D12594D0020CEEA</string>
			</array>
			<key>isa</key>
			<string>PBXGroup</string>
			<key>path</key>
			<string>HomeViewController</string>
			<key>sourceTree</key>
			<string>&lt;group&gt;</string>
		</dict>
		<key>8482CF5C1D12594D0020CEEA</key>
		<dict>
			<key>fileEncoding</key>
			<string>4</string>
			<key>isa</key>
			<string>PBXFileReference</string>
			<key>lastKnownFileType</key>
			<string>sourcecode.c.h</string>
			<key>path</key>
			<string>ViewController.h</string>
			<key>sourceTree</key>
			<string>&lt;group&gt;</string>
		</dict>
		<key>8482CF5D1D12594D0020CEEA</key>
		<dict>
			<key>fileEncoding</key>
			<string>4</string>
			<key>isa</key>
			<string>PBXFileReference</string>
			<key>lastKnownFileType</key>
			<string>sourcecode.c.objc</string>
			<key>path</key>
			<string>ViewController.m</string>
			<key>sourceTree</key>
			<string>&lt;group&gt;</string>
		</dict>
		<key>8482CF5E1D12594D0020CEEA</key>
		<dict>
			<key>fileEncoding</key>
			<string>4</string>
			<key>isa</key>
			<string>PBXFileReference</string>
			<key>lastKnownFileType</key>
			<string>sourcecode.c.h</string>
			<key>path</key>
			<string>ViewModel.h</string>
			<key>sourceTree</key>
			<string>&lt;group&gt;</string>
		</dict>
		<key>8482CF5F1D12594D0020CEEA</key>
		<dict>
			<key>fileEncoding</key>
			<string>4</string>
			<key>isa</key>
			<string>PBXFileReference</string>
			<key>lastKnownFileType</key>
			<string>sourcecode.c.objc</string>
			<key>path</key>
			<string>ViewModel.m</string>
			<key>sourceTree</key>
			<string>&lt;group&gt;</string>
		</dict>
		<key>8482CF601D12594D0020CEEA</key>
		<dict>
			<key>children</key>
			<array>
				<string>8482CF661D1278CE0020CEEA</string>
				<string>8482CF631D125A570020CEEA</string>
				<string>8482CF641D125A570020CEEA</string>
				<string>8463B9E31D140A6F00EACECD</string>
				<string>8463B9E41D140A6F00EACECD</string>
			</array>
			<key>isa</key>
			<string>PBXGroup</string>
			<key>path</key>
			<string>ScriptViewController</string>
			<key>sourceTree</key>
			<string>&lt;group&gt;</string>
		</dict>
		<key>8482CF611D12594D0020CEEA</key>
		<dict>
			<key>fileRef</key>
			<string>8482CF5D1D12594D0020CEEA</string>
			<key>isa</key>
			<string>PBXBuildFile</string>
		</dict>
		<key>8482CF621D12594D0020CEEA</key>
		<dict>
			<key>fileRef</key>
			<string>8482CF5F1D12594D0020CEEA</string>
			<key>isa</key>
			<string>PBXBuildFile</string>
		</dict>
		<key>8482CF631D125A570020CEEA</key>
		<dict>
			<key>fileEncoding</key>
			<string>4</string>
			<key>isa</key>
			<string>PBXFileReference</string>
			<key>lastKnownFileType</key>
			<string>sourcecode.c.h</string>
			<key>path</key>
			<string>ScriptViewController.h</string>
			<key>sourceTree</key>
			<string>&lt;group&gt;</string>
		</dict>
		<key>8482CF641D125A570020CEEA</key>
		<dict>
			<key>fileEncoding</key>
			<string>4</string>
			<key>isa</key>
			<string>PBXFileReference</string>
			<key>lastKnownFileType</key>
			<string>sourcecode.c.objc</string>
			<key>path</key>
			<string>ScriptViewController.m</string>
			<key>sourceTree</key>
			<string>&lt;group&gt;</string>
		</dict>
		<key>8482CF651D125A570020CEEA</key>
		<dict>
			<key>fileRef</key>
			<string>8482CF641D125A570020CEEA</string>
			<key>isa</key>
			<string>PBXBuildFile</string>
		</dict>
		<key>8482CF661D1278CE0020CEEA</key>
		<dict>
			<key>children</key>
			<array>
				<string>8482CF671D1278DF0020CEEA</string>
				<string>8482CF681D1278DF0020CEEA</string>
				<string>8482CF691D1278DF0020CEEA</string>
			</array>
			<key>isa</key>
			<string>PBXGroup</string>
			<key>path</key>
			<string>ScriptTableViewCell</string>
			<key>sourceTree</key>
			<string>&lt;group&gt;</string>
		</dict>
		<key>8482CF671D1278DF0020CEEA</key>
		<dict>
			<key>fileEncoding</key>
			<string>4</string>
			<key>isa</key>
			<string>PBXFileReference</string>
			<key>lastKnownFileType</key>
			<string>sourcecode.c.h</string>
			<key>path</key>
			<string>ScriptTableViewCell.h</string>
			<key>sourceTree</key>
			<string>&lt;group&gt;</string>
		</dict>
		<key>8482CF681D1278DF0020CEEA</key>
		<dict>
			<key>fileEncoding</key>
			<string>4</string>
			<key>isa</key>
			<string>PBXFileReference</string>
			<key>lastKnownFileType</key>
			<string>sourcecode.c.objc</string>
			<key>path</key>
			<string>ScriptTableViewCell.m</string>
			<key>sourceTree</key>
			<string>&lt;group&gt;</string>
		</dict>
		<key>8482CF691D1278DF0020CEEA</key>
		<dict>
			<key>fileEncoding</key>
			<string>4</string>
			<key>isa</key>
			<string>PBXFileReference</string>
			<key>lastKnownFileType</key>
			<string>file.xib</string>
			<key>path</key>
			<string>ScriptTableViewCell.xib</string>
			<key>sourceTree</key>
			<string>&lt;group&gt;</string>
		</dict>
		<key>8482CF6A1D1278DF0020CEEA</key>
		<dict>
			<key>fileRef</key>
			<string>8482CF681D1278DF0020CEEA</string>
			<key>isa</key>
			<string>PBXBuildFile</string>
		</dict>
		<key>8482CF6B1D1278DF0020CEEA</key>
		<dict>
			<key>fileRef</key>
			<string>8482CF691D1278DF0020CEEA</string>
			<key>isa</key>
			<string>PBXBuildFile</string>
		</dict>
		<key>8482CF6C1D127A9F0020CEEA</key>
		<dict>
			<key>fileEncoding</key>
			<string>4</string>
			<key>isa</key>
			<string>PBXFileReference</string>
			<key>lastKnownFileType</key>
			<string>sourcecode.c.h</string>
			<key>path</key>
			<string>Script.h</string>
			<key>sourceTree</key>
			<string>&lt;group&gt;</string>
		</dict>
		<key>8482CF6D1D127A9F0020CEEA</key>
		<dict>
			<key>fileEncoding</key>
			<string>4</string>
			<key>isa</key>
			<string>PBXFileReference</string>
			<key>lastKnownFileType</key>
			<string>sourcecode.c.objc</string>
			<key>path</key>
			<string>Script.m</string>
			<key>sourceTree</key>
			<string>&lt;group&gt;</string>
		</dict>
		<key>8482CF6E1D127A9F0020CEEA</key>
		<dict>
			<key>fileRef</key>
			<string>8482CF6D1D127A9F0020CEEA</string>
			<key>isa</key>
			<string>PBXBuildFile</string>
		</dict>
		<key>8482CF6F1D12A40B0020CEEA</key>
		<dict>
			<key>fileEncoding</key>
			<string>4</string>
			<key>isa</key>
			<string>PBXFileReference</string>
			<key>lastKnownFileType</key>
			<string>sourcecode.c.h</string>
			<key>path</key>
			<string>ScriptCommand.h</string>
			<key>sourceTree</key>
			<string>&lt;group&gt;</string>
		</dict>
		<key>8482CF701D12A40B0020CEEA</key>
		<dict>
			<key>fileEncoding</key>
			<string>4</string>
			<key>isa</key>
			<string>PBXFileReference</string>
			<key>lastKnownFileType</key>
			<string>sourcecode.c.objc</string>
			<key>path</key>
			<string>ScriptCommand.m</string>
			<key>sourceTree</key>
			<string>&lt;group&gt;</string>
		</dict>
		<key>8482CF711D12A40B0020CEEA</key>
		<dict>
			<key>fileRef</key>
			<string>8482CF701D12A40B0020CEEA</string>
			<key>isa</key>
			<string>PBXBuildFile</string>
		</dict>
		<key>84F7719A1D1D238300591B24</key>
		<dict>
			<key>children</key>
			<array>
				<string>84F7719B1D1D239C00591B24</string>
				<string>84F7719C1D1D239C00591B24</string>
			</array>
			<key>isa</key>
			<string>PBXGroup</string>
			<key>path</key>
			<string>ScanBluetoothDeviceViewController</string>
			<key>sourceTree</key>
			<string>&lt;group&gt;</string>
		</dict>
		<key>84F7719B1D1D239C00591B24</key>
		<dict>
			<key>fileEncoding</key>
			<string>4</string>
			<key>isa</key>
			<string>PBXFileReference</string>
			<key>lastKnownFileType</key>
			<string>sourcecode.c.h</string>
			<key>path</key>
			<string>ScanBluetoothDeviceViewController.h</string>
			<key>sourceTree</key>
			<string>&lt;group&gt;</string>
		</dict>
		<key>84F7719C1D1D239C00591B24</key>
		<dict>
			<key>fileEncoding</key>
			<string>4</string>
			<key>isa</key>
			<string>PBXFileReference</string>
			<key>lastKnownFileType</key>
			<string>sourcecode.c.objc</string>
			<key>path</key>
			<string>ScanBluetoothDeviceViewController.m</string>
			<key>sourceTree</key>
			<string>&lt;group&gt;</string>
		</dict>
		<key>84F7719D1D1D239C00591B24</key>
		<dict>
			<key>fileRef</key>
			<string>84F7719C1D1D239C00591B24</string>
			<key>isa</key>
			<string>PBXBuildFile</string>
		</dict>
		<key>9F9610DDD7F08B2230B3CA71</key>
		<dict>
			<key>buildActionMask</key>
			<string>2147483647</string>
			<key>files</key>
			<array/>
			<key>inputPaths</key>
			<array/>
			<key>isa</key>
			<string>PBXShellScriptBuildPhase</string>
			<key>name</key>
			<string>Check Pods Manifest.lock</string>
			<key>outputPaths</key>
			<array/>
			<key>runOnlyForDeploymentPostprocessing</key>
			<string>0</string>
			<key>shellPath</key>
			<string>/bin/sh</string>
			<key>shellScript</key>
			<string>diff "${PODS_ROOT}/../Podfile.lock" "${PODS_ROOT}/Manifest.lock" &gt; /dev/null
if [[ $? != 0 ]] ; then
    cat &lt;&lt; EOM
error: The sandbox is not in sync with the Podfile.lock. Run 'pod install' or update your CocoaPods installation.
EOM
    exit 1
fi
</string>
			<key>showEnvVarsInLog</key>
			<string>0</string>
		</dict>
		<key>A1CA930BEBDE5359E5E28A20</key>
		<dict>
			<key>includeInIndex</key>
			<string>1</string>
			<key>isa</key>
			<string>PBXFileReference</string>
			<key>lastKnownFileType</key>
			<string>text.xcconfig</string>
			<key>name</key>
			<string>Pods.release.xcconfig</string>
			<key>path</key>
			<string>Pods/Target Support Files/Pods/Pods.release.xcconfig</string>
			<key>sourceTree</key>
			<string>&lt;group&gt;</string>
		</dict>
		<key>A6AC3B28FB96B34F104F7300</key>
		<dict>
			<key>buildActionMask</key>
			<string>2147483647</string>
			<key>files</key>
			<array/>
			<key>inputPaths</key>
			<array/>
			<key>isa</key>
			<string>PBXShellScriptBuildPhase</string>
			<key>name</key>
			<string>Copy Pods Resources</string>
			<key>outputPaths</key>
			<array/>
			<key>runOnlyForDeploymentPostprocessing</key>
			<string>0</string>
			<key>shellPath</key>
			<string>/bin/sh</string>
			<key>shellScript</key>
			<string>"${SRCROOT}/Pods/Target Support Files/Pods-DigitalSense/Pods-DigitalSense-resources.sh"
</string>
			<key>showEnvVarsInLog</key>
			<string>0</string>
		</dict>
		<key>F90CB3385D07F23CA9F15056</key>
		<dict>
			<key>children</key>
			<array>
				<string>847EC4E01CFD66DE000D77AE</string>
				<string>0DD69D7F367F145CFE3F4D3A</string>
			</array>
			<key>isa</key>
			<string>PBXGroup</string>
			<key>name</key>
			<string>Frameworks</string>
			<key>sourceTree</key>
			<string>&lt;group&gt;</string>
		</dict>
	</dict>
	<key>rootObject</key>
	<string>8466676F1CF82AD400EFBE66</string>
</dict>
</plist>
